// !$*UTF8*$!
{
	archiveVersion = 1;
	classes = {
	};
	objectVersion = 46;
	objects = {

/* Begin PBXBuildFile section */
		9702BEED20432294003AAD73 /* FaceDetection.mm in Sources */ = {isa = PBXBuildFile; fileRef = 9702BEEC20432294003AAD73 /* FaceDetection.mm */; };
		970B536C1966D02D00693767 /* QuartzCore.framework in Frameworks */ = {isa = PBXBuildFile; fileRef = 970B536B1966D02D00693767 /* QuartzCore.framework */; };
		970B536E1966D03600693767 /* OpenGLES.framework in Frameworks */ = {isa = PBXBuildFile; fileRef = 970B536D1966D03600693767 /* OpenGLES.framework */; };
		970B53701966D03F00693767 /* GLKit.framework in Frameworks */ = {isa = PBXBuildFile; fileRef = 970B536F1966D03F00693767 /* GLKit.framework */; };
		970B53761966D61D00693767 /* GLKMorphViewController.m in Sources */ = {isa = PBXBuildFile; fileRef = 970B53751966D61D00693767 /* GLKMorphViewController.m */; };
		970B53D3196717A300693767 /* Shader.fsh in Resources */ = {isa = PBXBuildFile; fileRef = 970B537819670EAA00693767 /* Shader.fsh */; };
		970B53D4196717AC00693767 /* Shader.vsh in Resources */ = {isa = PBXBuildFile; fileRef = 970B537A19670EBC00693767 /* Shader.vsh */; };
		970DA6531C825F800015D8A8 /* progress0.png in Resources */ = {isa = PBXBuildFile; fileRef = 970DA5EE1C825F800015D8A8 /* progress0.png */; };
		970DA6541C825F800015D8A8 /* progress1.png in Resources */ = {isa = PBXBuildFile; fileRef = 970DA5EF1C825F800015D8A8 /* progress1.png */; };
		970DA6551C825F800015D8A8 /* progress2.png in Resources */ = {isa = PBXBuildFile; fileRef = 970DA5F01C825F800015D8A8 /* progress2.png */; };
		970DA6561C825F800015D8A8 /* progress3.png in Resources */ = {isa = PBXBuildFile; fileRef = 970DA5F11C825F800015D8A8 /* progress3.png */; };
		970DA6571C825F800015D8A8 /* progress4.png in Resources */ = {isa = PBXBuildFile; fileRef = 970DA5F21C825F800015D8A8 /* progress4.png */; };
		970DA6581C825F800015D8A8 /* progress5.png in Resources */ = {isa = PBXBuildFile; fileRef = 970DA5F31C825F800015D8A8 /* progress5.png */; };
		970DA6591C825F800015D8A8 /* progress6.png in Resources */ = {isa = PBXBuildFile; fileRef = 970DA5F41C825F800015D8A8 /* progress6.png */; };
		970DA65A1C825F800015D8A8 /* progress7.png in Resources */ = {isa = PBXBuildFile; fileRef = 970DA5F51C825F800015D8A8 /* progress7.png */; };
		970DA65B1C825F800015D8A8 /* progress8.png in Resources */ = {isa = PBXBuildFile; fileRef = 970DA5F61C825F800015D8A8 /* progress8.png */; };
		970DA65C1C825F800015D8A8 /* progress9.png in Resources */ = {isa = PBXBuildFile; fileRef = 970DA5F71C825F800015D8A8 /* progress9.png */; };
		970DA65D1C825F800015D8A8 /* progress10.png in Resources */ = {isa = PBXBuildFile; fileRef = 970DA5F81C825F800015D8A8 /* progress10.png */; };
		970DA65E1C825F800015D8A8 /* progress11.png in Resources */ = {isa = PBXBuildFile; fileRef = 970DA5F91C825F800015D8A8 /* progress11.png */; };
		970DA65F1C825F800015D8A8 /* progress12.png in Resources */ = {isa = PBXBuildFile; fileRef = 970DA5FA1C825F800015D8A8 /* progress12.png */; };
		970DA6601C825F800015D8A8 /* progress13.png in Resources */ = {isa = PBXBuildFile; fileRef = 970DA5FB1C825F800015D8A8 /* progress13.png */; };
		970DA6611C825F800015D8A8 /* progress14.png in Resources */ = {isa = PBXBuildFile; fileRef = 970DA5FC1C825F800015D8A8 /* progress14.png */; };
		970DA6621C825F800015D8A8 /* progress15.png in Resources */ = {isa = PBXBuildFile; fileRef = 970DA5FD1C825F800015D8A8 /* progress15.png */; };
		970DA6631C825F800015D8A8 /* progress16.png in Resources */ = {isa = PBXBuildFile; fileRef = 970DA5FE1C825F800015D8A8 /* progress16.png */; };
		970DA6641C825F800015D8A8 /* progress17.png in Resources */ = {isa = PBXBuildFile; fileRef = 970DA5FF1C825F800015D8A8 /* progress17.png */; };
		970DA6651C825F800015D8A8 /* progress18.png in Resources */ = {isa = PBXBuildFile; fileRef = 970DA6001C825F800015D8A8 /* progress18.png */; };
		970DA6661C825F800015D8A8 /* progress19.png in Resources */ = {isa = PBXBuildFile; fileRef = 970DA6011C825F800015D8A8 /* progress19.png */; };
		970DA6671C825F800015D8A8 /* progress20.png in Resources */ = {isa = PBXBuildFile; fileRef = 970DA6021C825F800015D8A8 /* progress20.png */; };
		970DA6681C825F800015D8A8 /* progress21.png in Resources */ = {isa = PBXBuildFile; fileRef = 970DA6031C825F800015D8A8 /* progress21.png */; };
		970DA6691C825F800015D8A8 /* progress22.png in Resources */ = {isa = PBXBuildFile; fileRef = 970DA6041C825F800015D8A8 /* progress22.png */; };
		970DA66A1C825F800015D8A8 /* progress23.png in Resources */ = {isa = PBXBuildFile; fileRef = 970DA6051C825F800015D8A8 /* progress23.png */; };
		970DA66B1C825F800015D8A8 /* progress24.png in Resources */ = {isa = PBXBuildFile; fileRef = 970DA6061C825F800015D8A8 /* progress24.png */; };
		970DA66C1C825F800015D8A8 /* progress25.png in Resources */ = {isa = PBXBuildFile; fileRef = 970DA6071C825F800015D8A8 /* progress25.png */; };
		970DA66D1C825F800015D8A8 /* progress26.png in Resources */ = {isa = PBXBuildFile; fileRef = 970DA6081C825F800015D8A8 /* progress26.png */; };
		970DA66E1C825F800015D8A8 /* progress27.png in Resources */ = {isa = PBXBuildFile; fileRef = 970DA6091C825F800015D8A8 /* progress27.png */; };
		970DA66F1C825F800015D8A8 /* progress28.png in Resources */ = {isa = PBXBuildFile; fileRef = 970DA60A1C825F800015D8A8 /* progress28.png */; };
		970DA6701C825F800015D8A8 /* progress29.png in Resources */ = {isa = PBXBuildFile; fileRef = 970DA60B1C825F800015D8A8 /* progress29.png */; };
		970DA6711C825F800015D8A8 /* progress30.png in Resources */ = {isa = PBXBuildFile; fileRef = 970DA60C1C825F800015D8A8 /* progress30.png */; };
		970DA6721C825F800015D8A8 /* progress31.png in Resources */ = {isa = PBXBuildFile; fileRef = 970DA60D1C825F800015D8A8 /* progress31.png */; };
		970DA6731C825F800015D8A8 /* progress32.png in Resources */ = {isa = PBXBuildFile; fileRef = 970DA60E1C825F800015D8A8 /* progress32.png */; };
		970DA6741C825F800015D8A8 /* progress33.png in Resources */ = {isa = PBXBuildFile; fileRef = 970DA60F1C825F800015D8A8 /* progress33.png */; };
		970DA6751C825F800015D8A8 /* progress34.png in Resources */ = {isa = PBXBuildFile; fileRef = 970DA6101C825F800015D8A8 /* progress34.png */; };
		970DA6761C825F800015D8A8 /* progress35.png in Resources */ = {isa = PBXBuildFile; fileRef = 970DA6111C825F800015D8A8 /* progress35.png */; };
		970DA6771C825F800015D8A8 /* progress36.png in Resources */ = {isa = PBXBuildFile; fileRef = 970DA6121C825F800015D8A8 /* progress36.png */; };
		970DA6781C825F800015D8A8 /* progress37.png in Resources */ = {isa = PBXBuildFile; fileRef = 970DA6131C825F800015D8A8 /* progress37.png */; };
		970DA6791C825F800015D8A8 /* progress38.png in Resources */ = {isa = PBXBuildFile; fileRef = 970DA6141C825F800015D8A8 /* progress38.png */; };
		970DA67A1C825F800015D8A8 /* progress39.png in Resources */ = {isa = PBXBuildFile; fileRef = 970DA6151C825F800015D8A8 /* progress39.png */; };
		970DA67B1C825F800015D8A8 /* progress40.png in Resources */ = {isa = PBXBuildFile; fileRef = 970DA6161C825F800015D8A8 /* progress40.png */; };
		970DA67C1C825F800015D8A8 /* progress41.png in Resources */ = {isa = PBXBuildFile; fileRef = 970DA6171C825F800015D8A8 /* progress41.png */; };
		970DA67D1C825F800015D8A8 /* progress42.png in Resources */ = {isa = PBXBuildFile; fileRef = 970DA6181C825F800015D8A8 /* progress42.png */; };
		970DA67E1C825F800015D8A8 /* progress43.png in Resources */ = {isa = PBXBuildFile; fileRef = 970DA6191C825F800015D8A8 /* progress43.png */; };
		970DA67F1C825F800015D8A8 /* progress44.png in Resources */ = {isa = PBXBuildFile; fileRef = 970DA61A1C825F800015D8A8 /* progress44.png */; };
		970DA6801C825F800015D8A8 /* progress45.png in Resources */ = {isa = PBXBuildFile; fileRef = 970DA61B1C825F800015D8A8 /* progress45.png */; };
		970DA6811C825F800015D8A8 /* progress46.png in Resources */ = {isa = PBXBuildFile; fileRef = 970DA61C1C825F800015D8A8 /* progress46.png */; };
		970DA6821C825F800015D8A8 /* progress47.png in Resources */ = {isa = PBXBuildFile; fileRef = 970DA61D1C825F800015D8A8 /* progress47.png */; };
		970DA6831C825F800015D8A8 /* progress48.png in Resources */ = {isa = PBXBuildFile; fileRef = 970DA61E1C825F800015D8A8 /* progress48.png */; };
		970DA6841C825F800015D8A8 /* progress49.png in Resources */ = {isa = PBXBuildFile; fileRef = 970DA61F1C825F800015D8A8 /* progress49.png */; };
		970DA6851C825F800015D8A8 /* progress50.png in Resources */ = {isa = PBXBuildFile; fileRef = 970DA6201C825F800015D8A8 /* progress50.png */; };
		970DA6861C825F800015D8A8 /* progress51.png in Resources */ = {isa = PBXBuildFile; fileRef = 970DA6211C825F800015D8A8 /* progress51.png */; };
		970DA6871C825F800015D8A8 /* progress52.png in Resources */ = {isa = PBXBuildFile; fileRef = 970DA6221C825F800015D8A8 /* progress52.png */; };
		970DA6881C825F800015D8A8 /* progress53.png in Resources */ = {isa = PBXBuildFile; fileRef = 970DA6231C825F800015D8A8 /* progress53.png */; };
		970DA6891C825F800015D8A8 /* progress54.png in Resources */ = {isa = PBXBuildFile; fileRef = 970DA6241C825F800015D8A8 /* progress54.png */; };
		970DA68A1C825F800015D8A8 /* progress55.png in Resources */ = {isa = PBXBuildFile; fileRef = 970DA6251C825F800015D8A8 /* progress55.png */; };
		970DA68B1C825F800015D8A8 /* progress56.png in Resources */ = {isa = PBXBuildFile; fileRef = 970DA6261C825F800015D8A8 /* progress56.png */; };
		970DA68C1C825F800015D8A8 /* progress57.png in Resources */ = {isa = PBXBuildFile; fileRef = 970DA6271C825F800015D8A8 /* progress57.png */; };
		970DA68D1C825F800015D8A8 /* progress58.png in Resources */ = {isa = PBXBuildFile; fileRef = 970DA6281C825F800015D8A8 /* progress58.png */; };
		970DA68E1C825F800015D8A8 /* progress59.png in Resources */ = {isa = PBXBuildFile; fileRef = 970DA6291C825F800015D8A8 /* progress59.png */; };
		970DA68F1C825F800015D8A8 /* progress60.png in Resources */ = {isa = PBXBuildFile; fileRef = 970DA62A1C825F800015D8A8 /* progress60.png */; };
		970DA6901C825F800015D8A8 /* progress61.png in Resources */ = {isa = PBXBuildFile; fileRef = 970DA62B1C825F800015D8A8 /* progress61.png */; };
		970DA6911C825F800015D8A8 /* progress62.png in Resources */ = {isa = PBXBuildFile; fileRef = 970DA62C1C825F800015D8A8 /* progress62.png */; };
		970DA6921C825F800015D8A8 /* progress63.png in Resources */ = {isa = PBXBuildFile; fileRef = 970DA62D1C825F800015D8A8 /* progress63.png */; };
		970DA6931C825F800015D8A8 /* progress64.png in Resources */ = {isa = PBXBuildFile; fileRef = 970DA62E1C825F800015D8A8 /* progress64.png */; };
		970DA6941C825F800015D8A8 /* progress65.png in Resources */ = {isa = PBXBuildFile; fileRef = 970DA62F1C825F800015D8A8 /* progress65.png */; };
		970DA6951C825F800015D8A8 /* progress66.png in Resources */ = {isa = PBXBuildFile; fileRef = 970DA6301C825F800015D8A8 /* progress66.png */; };
		970DA6961C825F800015D8A8 /* progress67.png in Resources */ = {isa = PBXBuildFile; fileRef = 970DA6311C825F800015D8A8 /* progress67.png */; };
		970DA6971C825F800015D8A8 /* progress68.png in Resources */ = {isa = PBXBuildFile; fileRef = 970DA6321C825F800015D8A8 /* progress68.png */; };
		970DA6981C825F800015D8A8 /* progress69.png in Resources */ = {isa = PBXBuildFile; fileRef = 970DA6331C825F800015D8A8 /* progress69.png */; };
		970DA6991C825F800015D8A8 /* progress70.png in Resources */ = {isa = PBXBuildFile; fileRef = 970DA6341C825F800015D8A8 /* progress70.png */; };
		970DA69A1C825F800015D8A8 /* progress71.png in Resources */ = {isa = PBXBuildFile; fileRef = 970DA6351C825F800015D8A8 /* progress71.png */; };
		970DA69B1C825F800015D8A8 /* progress72.png in Resources */ = {isa = PBXBuildFile; fileRef = 970DA6361C825F800015D8A8 /* progress72.png */; };
		970DA69C1C825F800015D8A8 /* progress73.png in Resources */ = {isa = PBXBuildFile; fileRef = 970DA6371C825F800015D8A8 /* progress73.png */; };
		970DA69D1C825F800015D8A8 /* progress74.png in Resources */ = {isa = PBXBuildFile; fileRef = 970DA6381C825F800015D8A8 /* progress74.png */; };
		970DA69E1C825F800015D8A8 /* progress75.png in Resources */ = {isa = PBXBuildFile; fileRef = 970DA6391C825F800015D8A8 /* progress75.png */; };
		970DA69F1C825F800015D8A8 /* progress76.png in Resources */ = {isa = PBXBuildFile; fileRef = 970DA63A1C825F800015D8A8 /* progress76.png */; };
		970DA6A01C825F800015D8A8 /* progress77.png in Resources */ = {isa = PBXBuildFile; fileRef = 970DA63B1C825F800015D8A8 /* progress77.png */; };
		970DA6A11C825F800015D8A8 /* progress78.png in Resources */ = {isa = PBXBuildFile; fileRef = 970DA63C1C825F800015D8A8 /* progress78.png */; };
		970DA6A21C825F800015D8A8 /* progress79.png in Resources */ = {isa = PBXBuildFile; fileRef = 970DA63D1C825F800015D8A8 /* progress79.png */; };
		970DA6A31C825F800015D8A8 /* progress80.png in Resources */ = {isa = PBXBuildFile; fileRef = 970DA63E1C825F800015D8A8 /* progress80.png */; };
		970DA6A41C825F800015D8A8 /* progress81.png in Resources */ = {isa = PBXBuildFile; fileRef = 970DA63F1C825F800015D8A8 /* progress81.png */; };
		970DA6A51C825F800015D8A8 /* progress82.png in Resources */ = {isa = PBXBuildFile; fileRef = 970DA6401C825F800015D8A8 /* progress82.png */; };
		970DA6A61C825F800015D8A8 /* progress83.png in Resources */ = {isa = PBXBuildFile; fileRef = 970DA6411C825F800015D8A8 /* progress83.png */; };
		970DA6A71C825F800015D8A8 /* progress84.png in Resources */ = {isa = PBXBuildFile; fileRef = 970DA6421C825F800015D8A8 /* progress84.png */; };
		970DA6A81C825F800015D8A8 /* progress85.png in Resources */ = {isa = PBXBuildFile; fileRef = 970DA6431C825F800015D8A8 /* progress85.png */; };
		970DA6A91C825F800015D8A8 /* progress86.png in Resources */ = {isa = PBXBuildFile; fileRef = 970DA6441C825F800015D8A8 /* progress86.png */; };
		970DA6AA1C825F800015D8A8 /* progress87.png in Resources */ = {isa = PBXBuildFile; fileRef = 970DA6451C825F800015D8A8 /* progress87.png */; };
		970DA6AB1C825F800015D8A8 /* progress88.png in Resources */ = {isa = PBXBuildFile; fileRef = 970DA6461C825F800015D8A8 /* progress88.png */; };
		970DA6AC1C825F800015D8A8 /* progress89.png in Resources */ = {isa = PBXBuildFile; fileRef = 970DA6471C825F800015D8A8 /* progress89.png */; };
		970DA6AD1C825F800015D8A8 /* progress90.png in Resources */ = {isa = PBXBuildFile; fileRef = 970DA6481C825F800015D8A8 /* progress90.png */; };
		970DA6AE1C825F800015D8A8 /* progress91.png in Resources */ = {isa = PBXBuildFile; fileRef = 970DA6491C825F800015D8A8 /* progress91.png */; };
		970DA6AF1C825F800015D8A8 /* progress92.png in Resources */ = {isa = PBXBuildFile; fileRef = 970DA64A1C825F800015D8A8 /* progress92.png */; };
		970DA6B01C825F800015D8A8 /* progress93.png in Resources */ = {isa = PBXBuildFile; fileRef = 970DA64B1C825F800015D8A8 /* progress93.png */; };
		970DA6B11C825F800015D8A8 /* progress94.png in Resources */ = {isa = PBXBuildFile; fileRef = 970DA64C1C825F800015D8A8 /* progress94.png */; };
		970DA6B21C825F800015D8A8 /* progress95.png in Resources */ = {isa = PBXBuildFile; fileRef = 970DA64D1C825F800015D8A8 /* progress95.png */; };
		970DA6B31C825F800015D8A8 /* progress96.png in Resources */ = {isa = PBXBuildFile; fileRef = 970DA64E1C825F800015D8A8 /* progress96.png */; };
		970DA6B41C825F800015D8A8 /* progress97.png in Resources */ = {isa = PBXBuildFile; fileRef = 970DA64F1C825F800015D8A8 /* progress97.png */; };
		970DA6B51C825F800015D8A8 /* progress98.png in Resources */ = {isa = PBXBuildFile; fileRef = 970DA6501C825F800015D8A8 /* progress98.png */; };
		970DA6B61C825F800015D8A8 /* progress99.png in Resources */ = {isa = PBXBuildFile; fileRef = 970DA6511C825F800015D8A8 /* progress99.png */; };
		970DA6B71C825F800015D8A8 /* progress100.png in Resources */ = {isa = PBXBuildFile; fileRef = 970DA6521C825F800015D8A8 /* progress100.png */; };
		971E07781B51F2F300DFE322 /* CoreData.framework in Frameworks */ = {isa = PBXBuildFile; fileRef = 971E07771B51F2F300DFE322 /* CoreData.framework */; };
		971E07831B51F9BD00DFE322 /* MorphViewController.m in Sources */ = {isa = PBXBuildFile; fileRef = 971E077F1B51F9BD00DFE322 /* MorphViewController.m */; };
		971E07841B51F9BD00DFE322 /* ProjectsViewController.m in Sources */ = {isa = PBXBuildFile; fileRef = 971E07811B51F9BD00DFE322 /* ProjectsViewController.m */; };
		971E078A1B52616F00DFE322 /* MorphModel.xcdatamodeld in Sources */ = {isa = PBXBuildFile; fileRef = 971E07881B52616F00DFE322 /* MorphModel.xcdatamodeld */; };
		971E078D1B527A7200DFE322 /* Utils.m in Sources */ = {isa = PBXBuildFile; fileRef = 971E078C1B527A7200DFE322 /* Utils.m */; };
		971E07901B52810D00DFE322 /* ProjectsTableViewCell.m in Sources */ = {isa = PBXBuildFile; fileRef = 971E078F1B52810D00DFE322 /* ProjectsTableViewCell.m */; };
		971E07931B55A47B00DFE322 /* MorphSettingsTableViewController.m in Sources */ = {isa = PBXBuildFile; fileRef = 971E07921B55A47B00DFE322 /* MorphSettingsTableViewController.m */; };
		9723308C197043EF0025E9FE /* ImageUtils.m in Sources */ = {isa = PBXBuildFile; fileRef = 9723308B197043EF0025E9FE /* ImageUtils.m */; };
		97273E8D197010B00022987F /* HelpViewController.m in Sources */ = {isa = PBXBuildFile; fileRef = 97273E8C197010B00022987F /* HelpViewController.m */; };
		9755DF1C1C7A659E00734A11 /* MorphInterfaceController.m in Sources */ = {isa = PBXBuildFile; fileRef = 9755DF1B1C7A659E00734A11 /* MorphInterfaceController.m */; };
		9768BA661C7959CF007E280C /* Interface.storyboard in Resources */ = {isa = PBXBuildFile; fileRef = 9768BA641C7959CF007E280C /* Interface.storyboard */; };
		9768BA681C7959CF007E280C /* Assets.xcassets in Resources */ = {isa = PBXBuildFile; fileRef = 9768BA671C7959CF007E280C /* Assets.xcassets */; };
		9768BA6F1C7959CF007E280C /* watchapp Extension.appex in Embed App Extensions */ = {isa = PBXBuildFile; fileRef = 9768BA6E1C7959CF007E280C /* watchapp Extension.appex */; settings = {ATTRIBUTES = (RemoveHeadersOnCopy, ); }; };
		9768BA771C7959CF007E280C /* InterfaceController.m in Sources */ = {isa = PBXBuildFile; fileRef = 9768BA761C7959CF007E280C /* InterfaceController.m */; };
		9768BA7A1C7959CF007E280C /* ExtensionDelegate.m in Sources */ = {isa = PBXBuildFile; fileRef = 9768BA791C7959CF007E280C /* ExtensionDelegate.m */; };
		9768BA7D1C7959CF007E280C /* NotificationController.m in Sources */ = {isa = PBXBuildFile; fileRef = 9768BA7C1C7959CF007E280C /* NotificationController.m */; };
		9768BA7F1C7959CF007E280C /* Assets.xcassets in Resources */ = {isa = PBXBuildFile; fileRef = 9768BA7E1C7959CF007E280C /* Assets.xcassets */; };
		9768BA831C7959CF007E280C /* watchapp.app in Embed Watch Content */ = {isa = PBXBuildFile; fileRef = 9768BA621C7959CF007E280C /* watchapp.app */; };
		9768BA8E1C796B6F007E280C /* Main_iPhone.storyboard in Resources */ = {isa = PBXBuildFile; fileRef = 9768BA8C1C796B6F007E280C /* Main_iPhone.storyboard */; };
		9768BA911C79C7E7007E280C /* WatchUtil.m in Sources */ = {isa = PBXBuildFile; fileRef = 9768BA901C79C7E7007E280C /* WatchUtil.m */; };
		978821671963643B004B4A78 /* Foundation.framework in Frameworks */ = {isa = PBXBuildFile; fileRef = 978821661963643B004B4A78 /* Foundation.framework */; };
		978821691963643B004B4A78 /* CoreGraphics.framework in Frameworks */ = {isa = PBXBuildFile; fileRef = 978821681963643B004B4A78 /* CoreGraphics.framework */; };
		9788216B1963643B004B4A78 /* UIKit.framework in Frameworks */ = {isa = PBXBuildFile; fileRef = 9788216A1963643B004B4A78 /* UIKit.framework */; };
		978821711963643B004B4A78 /* InfoPlist.strings in Resources */ = {isa = PBXBuildFile; fileRef = 9788216F1963643B004B4A78 /* InfoPlist.strings */; };
		978821731963643B004B4A78 /* main.m in Sources */ = {isa = PBXBuildFile; fileRef = 978821721963643B004B4A78 /* main.m */; };
		978821771963643B004B4A78 /* AppDelegate.m in Sources */ = {isa = PBXBuildFile; fileRef = 978821761963643B004B4A78 /* AppDelegate.m */; };
		9788217D1963643B004B4A78 /* Main_iPad.storyboard in Resources */ = {isa = PBXBuildFile; fileRef = 9788217B1963643B004B4A78 /* Main_iPad.storyboard */; };
		978821821963643B004B4A78 /* Images.xcassets in Resources */ = {isa = PBXBuildFile; fileRef = 978821811963643B004B4A78 /* Images.xcassets */; };
		9791C7DC1B5122180030982F /* Matrix.cpp in Sources */ = {isa = PBXBuildFile; fileRef = 9791C7DB1B5122180030982F /* Matrix.cpp */; };
		9798FB4219687DF100A75F70 /* AVFoundation.framework in Frameworks */ = {isa = PBXBuildFile; fileRef = 9798FB4119687DF100A75F70 /* AVFoundation.framework */; };
		9799D09E196DA334001D90A6 /* CoreImage.framework in Frameworks */ = {isa = PBXBuildFile; fileRef = 9799D09D196DA334001D90A6 /* CoreImage.framework */; };
		9799D0A0196DEFA0001D90A6 /* CoreFoundation.framework in Frameworks */ = {isa = PBXBuildFile; fileRef = 9799D09F196DEFA0001D90A6 /* CoreFoundation.framework */; };
		979B2D8719690DFC00A9A773 /* Morph.cpp in Sources */ = {isa = PBXBuildFile; fileRef = 979B2D8619690DFC00A9A773 /* Morph.cpp */; };
		979B2D8A196911A300A9A773 /* MorphManager.mm in Sources */ = {isa = PBXBuildFile; fileRef = 979B2D89196911A300A9A773 /* MorphManager.mm */; };
		979B3B511968099F0041671C /* MorphLatticeModel.m in Sources */ = {isa = PBXBuildFile; fileRef = 979B3B501968099F0041671C /* MorphLatticeModel.m */; };
		979DBECB196423DE00E4F64A /* AssetsLibrary.framework in Frameworks */ = {isa = PBXBuildFile; fileRef = 979DBECA196423DE00E4F64A /* AssetsLibrary.framework */; };
		979DBECE196475B900E4F64A /* MorphTarget.m in Sources */ = {isa = PBXBuildFile; fileRef = 979DBECD196475B900E4F64A /* MorphTarget.m */; };
		979F616A196CA3ED003FC04B /* VideoWriter.m in Sources */ = {isa = PBXBuildFile; fileRef = 979F6169196CA3ED003FC04B /* VideoWriter.m */; };
		97AAEC1E196593AE00D449F1 /* ImageCollectionViewCell.m in Sources */ = {isa = PBXBuildFile; fileRef = 97AAEC1D196593AE00D449F1 /* ImageCollectionViewCell.m */; };
		97D444302046C78500213134 /* libdlib.a in Frameworks */ = {isa = PBXBuildFile; fileRef = 9702BEEA204321BA003AAD73 /* libdlib.a */; };
		97EF14671C7A2CDD009DDCB2 /* ProjectRow.m in Sources */ = {isa = PBXBuildFile; fileRef = 97EF14661C7A2CDD009DDCB2 /* ProjectRow.m */; };
		97EF881D2043590D00A90BF5 /* shape_predictor_68_face_landmarks.dat in Resources */ = {isa = PBXBuildFile; fileRef = 97EF881C2043590C00A90BF5 /* shape_predictor_68_face_landmarks.dat */; };
		97EF881F2043658200A90BF5 /* Accelerate.framework in Frameworks */ = {isa = PBXBuildFile; fileRef = 97EF881E2043658100A90BF5 /* Accelerate.framework */; };
/* End PBXBuildFile section */

/* Begin PBXContainerItemProxy section */
		9768BA701C7959CF007E280C /* PBXContainerItemProxy */ = {
			isa = PBXContainerItemProxy;
			containerPortal = 9788215B1963643B004B4A78 /* Project object */;
			proxyType = 1;
			remoteGlobalIDString = 9768BA6D1C7959CF007E280C;
			remoteInfo = "watchapp Extension";
		};
		9768BA811C7959CF007E280C /* PBXContainerItemProxy */ = {
			isa = PBXContainerItemProxy;
			containerPortal = 9788215B1963643B004B4A78 /* Project object */;
			proxyType = 1;
			remoteGlobalIDString = 9768BA611C7959CF007E280C;
			remoteInfo = watchapp;
		};
/* End PBXContainerItemProxy section */

/* Begin PBXCopyFilesBuildPhase section */
		9768BA891C7959CF007E280C /* Embed App Extensions */ = {
			isa = PBXCopyFilesBuildPhase;
			buildActionMask = 2147483647;
			dstPath = "";
			dstSubfolderSpec = 13;
			files = (
				9768BA6F1C7959CF007E280C /* watchapp Extension.appex in Embed App Extensions */,
			);
			name = "Embed App Extensions";
			runOnlyForDeploymentPostprocessing = 0;
		};
		9768BA8B1C7959CF007E280C /* Embed Watch Content */ = {
			isa = PBXCopyFilesBuildPhase;
			buildActionMask = 2147483647;
			dstPath = "$(CONTENTS_FOLDER_PATH)/Watch";
			dstSubfolderSpec = 16;
			files = (
				9768BA831C7959CF007E280C /* watchapp.app in Embed Watch Content */,
			);
			name = "Embed Watch Content";
			runOnlyForDeploymentPostprocessing = 0;
		};
/* End PBXCopyFilesBuildPhase section */

/* Begin PBXFileReference section */
		9702BEEA204321BA003AAD73 /* libdlib.a */ = {isa = PBXFileReference; lastKnownFileType = archive.ar; name = libdlib.a; path = dlib_iOS/libdlib.a; sourceTree = "<group>"; };
		9702BEEC20432294003AAD73 /* FaceDetection.mm */ = {isa = PBXFileReference; lastKnownFileType = sourcecode.cpp.objcpp; path = FaceDetection.mm; sourceTree = "<group>"; };
		9702BEEE204322DA003AAD73 /* FaceDetection.h */ = {isa = PBXFileReference; lastKnownFileType = sourcecode.c.h; path = FaceDetection.h; sourceTree = "<group>"; };
		970B536B1966D02D00693767 /* QuartzCore.framework */ = {isa = PBXFileReference; lastKnownFileType = wrapper.framework; name = QuartzCore.framework; path = System/Library/Frameworks/QuartzCore.framework; sourceTree = SDKROOT; };
		970B536D1966D03600693767 /* OpenGLES.framework */ = {isa = PBXFileReference; lastKnownFileType = wrapper.framework; name = OpenGLES.framework; path = System/Library/Frameworks/OpenGLES.framework; sourceTree = SDKROOT; };
		970B536F1966D03F00693767 /* GLKit.framework */ = {isa = PBXFileReference; lastKnownFileType = wrapper.framework; name = GLKit.framework; path = System/Library/Frameworks/GLKit.framework; sourceTree = SDKROOT; };
		970B53741966D61D00693767 /* GLKMorphViewController.h */ = {isa = PBXFileReference; fileEncoding = 4; lastKnownFileType = sourcecode.c.h; path = GLKMorphViewController.h; sourceTree = "<group>"; };
		970B53751966D61D00693767 /* GLKMorphViewController.m */ = {isa = PBXFileReference; fileEncoding = 4; lastKnownFileType = sourcecode.c.objc; path = GLKMorphViewController.m; sourceTree = "<group>"; };
		970B537819670EAA00693767 /* Shader.fsh */ = {isa = PBXFileReference; fileEncoding = 4; lastKnownFileType = sourcecode.glsl; path = Shader.fsh; sourceTree = "<group>"; };
		970B537A19670EBC00693767 /* Shader.vsh */ = {isa = PBXFileReference; fileEncoding = 4; lastKnownFileType = sourcecode.glsl; path = Shader.vsh; sourceTree = "<group>"; };
		970DA5EE1C825F800015D8A8 /* progress0.png */ = {isa = PBXFileReference; lastKnownFileType = image.png; path = progress0.png; sourceTree = "<group>"; };
		970DA5EF1C825F800015D8A8 /* progress1.png */ = {isa = PBXFileReference; lastKnownFileType = image.png; path = progress1.png; sourceTree = "<group>"; };
		970DA5F01C825F800015D8A8 /* progress2.png */ = {isa = PBXFileReference; lastKnownFileType = image.png; path = progress2.png; sourceTree = "<group>"; };
		970DA5F11C825F800015D8A8 /* progress3.png */ = {isa = PBXFileReference; lastKnownFileType = image.png; path = progress3.png; sourceTree = "<group>"; };
		970DA5F21C825F800015D8A8 /* progress4.png */ = {isa = PBXFileReference; lastKnownFileType = image.png; path = progress4.png; sourceTree = "<group>"; };
		970DA5F31C825F800015D8A8 /* progress5.png */ = {isa = PBXFileReference; lastKnownFileType = image.png; path = progress5.png; sourceTree = "<group>"; };
		970DA5F41C825F800015D8A8 /* progress6.png */ = {isa = PBXFileReference; lastKnownFileType = image.png; path = progress6.png; sourceTree = "<group>"; };
		970DA5F51C825F800015D8A8 /* progress7.png */ = {isa = PBXFileReference; lastKnownFileType = image.png; path = progress7.png; sourceTree = "<group>"; };
		970DA5F61C825F800015D8A8 /* progress8.png */ = {isa = PBXFileReference; lastKnownFileType = image.png; path = progress8.png; sourceTree = "<group>"; };
		970DA5F71C825F800015D8A8 /* progress9.png */ = {isa = PBXFileReference; lastKnownFileType = image.png; path = progress9.png; sourceTree = "<group>"; };
		970DA5F81C825F800015D8A8 /* progress10.png */ = {isa = PBXFileReference; lastKnownFileType = image.png; path = progress10.png; sourceTree = "<group>"; };
		970DA5F91C825F800015D8A8 /* progress11.png */ = {isa = PBXFileReference; lastKnownFileType = image.png; path = progress11.png; sourceTree = "<group>"; };
		970DA5FA1C825F800015D8A8 /* progress12.png */ = {isa = PBXFileReference; lastKnownFileType = image.png; path = progress12.png; sourceTree = "<group>"; };
		970DA5FB1C825F800015D8A8 /* progress13.png */ = {isa = PBXFileReference; lastKnownFileType = image.png; path = progress13.png; sourceTree = "<group>"; };
		970DA5FC1C825F800015D8A8 /* progress14.png */ = {isa = PBXFileReference; lastKnownFileType = image.png; path = progress14.png; sourceTree = "<group>"; };
		970DA5FD1C825F800015D8A8 /* progress15.png */ = {isa = PBXFileReference; lastKnownFileType = image.png; path = progress15.png; sourceTree = "<group>"; };
		970DA5FE1C825F800015D8A8 /* progress16.png */ = {isa = PBXFileReference; lastKnownFileType = image.png; path = progress16.png; sourceTree = "<group>"; };
		970DA5FF1C825F800015D8A8 /* progress17.png */ = {isa = PBXFileReference; lastKnownFileType = image.png; path = progress17.png; sourceTree = "<group>"; };
		970DA6001C825F800015D8A8 /* progress18.png */ = {isa = PBXFileReference; lastKnownFileType = image.png; path = progress18.png; sourceTree = "<group>"; };
		970DA6011C825F800015D8A8 /* progress19.png */ = {isa = PBXFileReference; lastKnownFileType = image.png; path = progress19.png; sourceTree = "<group>"; };
		970DA6021C825F800015D8A8 /* progress20.png */ = {isa = PBXFileReference; lastKnownFileType = image.png; path = progress20.png; sourceTree = "<group>"; };
		970DA6031C825F800015D8A8 /* progress21.png */ = {isa = PBXFileReference; lastKnownFileType = image.png; path = progress21.png; sourceTree = "<group>"; };
		970DA6041C825F800015D8A8 /* progress22.png */ = {isa = PBXFileReference; lastKnownFileType = image.png; path = progress22.png; sourceTree = "<group>"; };
		970DA6051C825F800015D8A8 /* progress23.png */ = {isa = PBXFileReference; lastKnownFileType = image.png; path = progress23.png; sourceTree = "<group>"; };
		970DA6061C825F800015D8A8 /* progress24.png */ = {isa = PBXFileReference; lastKnownFileType = image.png; path = progress24.png; sourceTree = "<group>"; };
		970DA6071C825F800015D8A8 /* progress25.png */ = {isa = PBXFileReference; lastKnownFileType = image.png; path = progress25.png; sourceTree = "<group>"; };
		970DA6081C825F800015D8A8 /* progress26.png */ = {isa = PBXFileReference; lastKnownFileType = image.png; path = progress26.png; sourceTree = "<group>"; };
		970DA6091C825F800015D8A8 /* progress27.png */ = {isa = PBXFileReference; lastKnownFileType = image.png; path = progress27.png; sourceTree = "<group>"; };
		970DA60A1C825F800015D8A8 /* progress28.png */ = {isa = PBXFileReference; lastKnownFileType = image.png; path = progress28.png; sourceTree = "<group>"; };
		970DA60B1C825F800015D8A8 /* progress29.png */ = {isa = PBXFileReference; lastKnownFileType = image.png; path = progress29.png; sourceTree = "<group>"; };
		970DA60C1C825F800015D8A8 /* progress30.png */ = {isa = PBXFileReference; lastKnownFileType = image.png; path = progress30.png; sourceTree = "<group>"; };
		970DA60D1C825F800015D8A8 /* progress31.png */ = {isa = PBXFileReference; lastKnownFileType = image.png; path = progress31.png; sourceTree = "<group>"; };
		970DA60E1C825F800015D8A8 /* progress32.png */ = {isa = PBXFileReference; lastKnownFileType = image.png; path = progress32.png; sourceTree = "<group>"; };
		970DA60F1C825F800015D8A8 /* progress33.png */ = {isa = PBXFileReference; lastKnownFileType = image.png; path = progress33.png; sourceTree = "<group>"; };
		970DA6101C825F800015D8A8 /* progress34.png */ = {isa = PBXFileReference; lastKnownFileType = image.png; path = progress34.png; sourceTree = "<group>"; };
		970DA6111C825F800015D8A8 /* progress35.png */ = {isa = PBXFileReference; lastKnownFileType = image.png; path = progress35.png; sourceTree = "<group>"; };
		970DA6121C825F800015D8A8 /* progress36.png */ = {isa = PBXFileReference; lastKnownFileType = image.png; path = progress36.png; sourceTree = "<group>"; };
		970DA6131C825F800015D8A8 /* progress37.png */ = {isa = PBXFileReference; lastKnownFileType = image.png; path = progress37.png; sourceTree = "<group>"; };
		970DA6141C825F800015D8A8 /* progress38.png */ = {isa = PBXFileReference; lastKnownFileType = image.png; path = progress38.png; sourceTree = "<group>"; };
		970DA6151C825F800015D8A8 /* progress39.png */ = {isa = PBXFileReference; lastKnownFileType = image.png; path = progress39.png; sourceTree = "<group>"; };
		970DA6161C825F800015D8A8 /* progress40.png */ = {isa = PBXFileReference; lastKnownFileType = image.png; path = progress40.png; sourceTree = "<group>"; };
		970DA6171C825F800015D8A8 /* progress41.png */ = {isa = PBXFileReference; lastKnownFileType = image.png; path = progress41.png; sourceTree = "<group>"; };
		970DA6181C825F800015D8A8 /* progress42.png */ = {isa = PBXFileReference; lastKnownFileType = image.png; path = progress42.png; sourceTree = "<group>"; };
		970DA6191C825F800015D8A8 /* progress43.png */ = {isa = PBXFileReference; lastKnownFileType = image.png; path = progress43.png; sourceTree = "<group>"; };
		970DA61A1C825F800015D8A8 /* progress44.png */ = {isa = PBXFileReference; lastKnownFileType = image.png; path = progress44.png; sourceTree = "<group>"; };
		970DA61B1C825F800015D8A8 /* progress45.png */ = {isa = PBXFileReference; lastKnownFileType = image.png; path = progress45.png; sourceTree = "<group>"; };
		970DA61C1C825F800015D8A8 /* progress46.png */ = {isa = PBXFileReference; lastKnownFileType = image.png; path = progress46.png; sourceTree = "<group>"; };
		970DA61D1C825F800015D8A8 /* progress47.png */ = {isa = PBXFileReference; lastKnownFileType = image.png; path = progress47.png; sourceTree = "<group>"; };
		970DA61E1C825F800015D8A8 /* progress48.png */ = {isa = PBXFileReference; lastKnownFileType = image.png; path = progress48.png; sourceTree = "<group>"; };
		970DA61F1C825F800015D8A8 /* progress49.png */ = {isa = PBXFileReference; lastKnownFileType = image.png; path = progress49.png; sourceTree = "<group>"; };
		970DA6201C825F800015D8A8 /* progress50.png */ = {isa = PBXFileReference; lastKnownFileType = image.png; path = progress50.png; sourceTree = "<group>"; };
		970DA6211C825F800015D8A8 /* progress51.png */ = {isa = PBXFileReference; lastKnownFileType = image.png; path = progress51.png; sourceTree = "<group>"; };
		970DA6221C825F800015D8A8 /* progress52.png */ = {isa = PBXFileReference; lastKnownFileType = image.png; path = progress52.png; sourceTree = "<group>"; };
		970DA6231C825F800015D8A8 /* progress53.png */ = {isa = PBXFileReference; lastKnownFileType = image.png; path = progress53.png; sourceTree = "<group>"; };
		970DA6241C825F800015D8A8 /* progress54.png */ = {isa = PBXFileReference; lastKnownFileType = image.png; path = progress54.png; sourceTree = "<group>"; };
		970DA6251C825F800015D8A8 /* progress55.png */ = {isa = PBXFileReference; lastKnownFileType = image.png; path = progress55.png; sourceTree = "<group>"; };
		970DA6261C825F800015D8A8 /* progress56.png */ = {isa = PBXFileReference; lastKnownFileType = image.png; path = progress56.png; sourceTree = "<group>"; };
		970DA6271C825F800015D8A8 /* progress57.png */ = {isa = PBXFileReference; lastKnownFileType = image.png; path = progress57.png; sourceTree = "<group>"; };
		970DA6281C825F800015D8A8 /* progress58.png */ = {isa = PBXFileReference; lastKnownFileType = image.png; path = progress58.png; sourceTree = "<group>"; };
		970DA6291C825F800015D8A8 /* progress59.png */ = {isa = PBXFileReference; lastKnownFileType = image.png; path = progress59.png; sourceTree = "<group>"; };
		970DA62A1C825F800015D8A8 /* progress60.png */ = {isa = PBXFileReference; lastKnownFileType = image.png; path = progress60.png; sourceTree = "<group>"; };
		970DA62B1C825F800015D8A8 /* progress61.png */ = {isa = PBXFileReference; lastKnownFileType = image.png; path = progress61.png; sourceTree = "<group>"; };
		970DA62C1C825F800015D8A8 /* progress62.png */ = {isa = PBXFileReference; lastKnownFileType = image.png; path = progress62.png; sourceTree = "<group>"; };
		970DA62D1C825F800015D8A8 /* progress63.png */ = {isa = PBXFileReference; lastKnownFileType = image.png; path = progress63.png; sourceTree = "<group>"; };
		970DA62E1C825F800015D8A8 /* progress64.png */ = {isa = PBXFileReference; lastKnownFileType = image.png; path = progress64.png; sourceTree = "<group>"; };
		970DA62F1C825F800015D8A8 /* progress65.png */ = {isa = PBXFileReference; lastKnownFileType = image.png; path = progress65.png; sourceTree = "<group>"; };
		970DA6301C825F800015D8A8 /* progress66.png */ = {isa = PBXFileReference; lastKnownFileType = image.png; path = progress66.png; sourceTree = "<group>"; };
		970DA6311C825F800015D8A8 /* progress67.png */ = {isa = PBXFileReference; lastKnownFileType = image.png; path = progress67.png; sourceTree = "<group>"; };
		970DA6321C825F800015D8A8 /* progress68.png */ = {isa = PBXFileReference; lastKnownFileType = image.png; path = progress68.png; sourceTree = "<group>"; };
		970DA6331C825F800015D8A8 /* progress69.png */ = {isa = PBXFileReference; lastKnownFileType = image.png; path = progress69.png; sourceTree = "<group>"; };
		970DA6341C825F800015D8A8 /* progress70.png */ = {isa = PBXFileReference; lastKnownFileType = image.png; path = progress70.png; sourceTree = "<group>"; };
		970DA6351C825F800015D8A8 /* progress71.png */ = {isa = PBXFileReference; lastKnownFileType = image.png; path = progress71.png; sourceTree = "<group>"; };
		970DA6361C825F800015D8A8 /* progress72.png */ = {isa = PBXFileReference; lastKnownFileType = image.png; path = progress72.png; sourceTree = "<group>"; };
		970DA6371C825F800015D8A8 /* progress73.png */ = {isa = PBXFileReference; lastKnownFileType = image.png; path = progress73.png; sourceTree = "<group>"; };
		970DA6381C825F800015D8A8 /* progress74.png */ = {isa = PBXFileReference; lastKnownFileType = image.png; path = progress74.png; sourceTree = "<group>"; };
		970DA6391C825F800015D8A8 /* progress75.png */ = {isa = PBXFileReference; lastKnownFileType = image.png; path = progress75.png; sourceTree = "<group>"; };
		970DA63A1C825F800015D8A8 /* progress76.png */ = {isa = PBXFileReference; lastKnownFileType = image.png; path = progress76.png; sourceTree = "<group>"; };
		970DA63B1C825F800015D8A8 /* progress77.png */ = {isa = PBXFileReference; lastKnownFileType = image.png; path = progress77.png; sourceTree = "<group>"; };
		970DA63C1C825F800015D8A8 /* progress78.png */ = {isa = PBXFileReference; lastKnownFileType = image.png; path = progress78.png; sourceTree = "<group>"; };
		970DA63D1C825F800015D8A8 /* progress79.png */ = {isa = PBXFileReference; lastKnownFileType = image.png; path = progress79.png; sourceTree = "<group>"; };
		970DA63E1C825F800015D8A8 /* progress80.png */ = {isa = PBXFileReference; lastKnownFileType = image.png; path = progress80.png; sourceTree = "<group>"; };
		970DA63F1C825F800015D8A8 /* progress81.png */ = {isa = PBXFileReference; lastKnownFileType = image.png; path = progress81.png; sourceTree = "<group>"; };
		970DA6401C825F800015D8A8 /* progress82.png */ = {isa = PBXFileReference; lastKnownFileType = image.png; path = progress82.png; sourceTree = "<group>"; };
		970DA6411C825F800015D8A8 /* progress83.png */ = {isa = PBXFileReference; lastKnownFileType = image.png; path = progress83.png; sourceTree = "<group>"; };
		970DA6421C825F800015D8A8 /* progress84.png */ = {isa = PBXFileReference; lastKnownFileType = image.png; path = progress84.png; sourceTree = "<group>"; };
		970DA6431C825F800015D8A8 /* progress85.png */ = {isa = PBXFileReference; lastKnownFileType = image.png; path = progress85.png; sourceTree = "<group>"; };
		970DA6441C825F800015D8A8 /* progress86.png */ = {isa = PBXFileReference; lastKnownFileType = image.png; path = progress86.png; sourceTree = "<group>"; };
		970DA6451C825F800015D8A8 /* progress87.png */ = {isa = PBXFileReference; lastKnownFileType = image.png; path = progress87.png; sourceTree = "<group>"; };
		970DA6461C825F800015D8A8 /* progress88.png */ = {isa = PBXFileReference; lastKnownFileType = image.png; path = progress88.png; sourceTree = "<group>"; };
		970DA6471C825F800015D8A8 /* progress89.png */ = {isa = PBXFileReference; lastKnownFileType = image.png; path = progress89.png; sourceTree = "<group>"; };
		970DA6481C825F800015D8A8 /* progress90.png */ = {isa = PBXFileReference; lastKnownFileType = image.png; path = progress90.png; sourceTree = "<group>"; };
		970DA6491C825F800015D8A8 /* progress91.png */ = {isa = PBXFileReference; lastKnownFileType = image.png; path = progress91.png; sourceTree = "<group>"; };
		970DA64A1C825F800015D8A8 /* progress92.png */ = {isa = PBXFileReference; lastKnownFileType = image.png; path = progress92.png; sourceTree = "<group>"; };
		970DA64B1C825F800015D8A8 /* progress93.png */ = {isa = PBXFileReference; lastKnownFileType = image.png; path = progress93.png; sourceTree = "<group>"; };
		970DA64C1C825F800015D8A8 /* progress94.png */ = {isa = PBXFileReference; lastKnownFileType = image.png; path = progress94.png; sourceTree = "<group>"; };
		970DA64D1C825F800015D8A8 /* progress95.png */ = {isa = PBXFileReference; lastKnownFileType = image.png; path = progress95.png; sourceTree = "<group>"; };
		970DA64E1C825F800015D8A8 /* progress96.png */ = {isa = PBXFileReference; lastKnownFileType = image.png; path = progress96.png; sourceTree = "<group>"; };
		970DA64F1C825F800015D8A8 /* progress97.png */ = {isa = PBXFileReference; lastKnownFileType = image.png; path = progress97.png; sourceTree = "<group>"; };
		970DA6501C825F800015D8A8 /* progress98.png */ = {isa = PBXFileReference; lastKnownFileType = image.png; path = progress98.png; sourceTree = "<group>"; };
		970DA6511C825F800015D8A8 /* progress99.png */ = {isa = PBXFileReference; lastKnownFileType = image.png; path = progress99.png; sourceTree = "<group>"; };
		970DA6521C825F800015D8A8 /* progress100.png */ = {isa = PBXFileReference; lastKnownFileType = image.png; path = progress100.png; sourceTree = "<group>"; };
		971E07771B51F2F300DFE322 /* CoreData.framework */ = {isa = PBXFileReference; lastKnownFileType = wrapper.framework; name = CoreData.framework; path = System/Library/Frameworks/CoreData.framework; sourceTree = SDKROOT; };
		971E077E1B51F9BD00DFE322 /* MorphViewController.h */ = {isa = PBXFileReference; fileEncoding = 4; lastKnownFileType = sourcecode.c.h; path = MorphViewController.h; sourceTree = "<group>"; };
		971E077F1B51F9BD00DFE322 /* MorphViewController.m */ = {isa = PBXFileReference; fileEncoding = 4; lastKnownFileType = sourcecode.c.objc; path = MorphViewController.m; sourceTree = "<group>"; };
		971E07801B51F9BD00DFE322 /* ProjectsViewController.h */ = {isa = PBXFileReference; fileEncoding = 4; lastKnownFileType = sourcecode.c.h; path = ProjectsViewController.h; sourceTree = "<group>"; };
		971E07811B51F9BD00DFE322 /* ProjectsViewController.m */ = {isa = PBXFileReference; fileEncoding = 4; lastKnownFileType = sourcecode.c.objc; path = ProjectsViewController.m; sourceTree = "<group>"; };
		971E07891B52616F00DFE322 /* MorphModel.xcdatamodel */ = {isa = PBXFileReference; lastKnownFileType = wrapper.xcdatamodel; path = MorphModel.xcdatamodel; sourceTree = "<group>"; };
		971E078B1B527A7200DFE322 /* Utils.h */ = {isa = PBXFileReference; fileEncoding = 4; lastKnownFileType = sourcecode.c.h; path = Utils.h; sourceTree = "<group>"; };
		971E078C1B527A7200DFE322 /* Utils.m */ = {isa = PBXFileReference; fileEncoding = 4; lastKnownFileType = sourcecode.c.objc; path = Utils.m; sourceTree = "<group>"; };
		971E078E1B52810D00DFE322 /* ProjectsTableViewCell.h */ = {isa = PBXFileReference; fileEncoding = 4; lastKnownFileType = sourcecode.c.h; path = ProjectsTableViewCell.h; sourceTree = "<group>"; };
		971E078F1B52810D00DFE322 /* ProjectsTableViewCell.m */ = {isa = PBXFileReference; fileEncoding = 4; lastKnownFileType = sourcecode.c.objc; path = ProjectsTableViewCell.m; sourceTree = "<group>"; };
		971E07911B55A47B00DFE322 /* MorphSettingsTableViewController.h */ = {isa = PBXFileReference; fileEncoding = 4; lastKnownFileType = sourcecode.c.h; path = MorphSettingsTableViewController.h; sourceTree = "<group>"; };
		971E07921B55A47B00DFE322 /* MorphSettingsTableViewController.m */ = {isa = PBXFileReference; fileEncoding = 4; lastKnownFileType = sourcecode.c.objc; path = MorphSettingsTableViewController.m; sourceTree = "<group>"; };
		9723308A197043EF0025E9FE /* ImageUtils.h */ = {isa = PBXFileReference; fileEncoding = 4; lastKnownFileType = sourcecode.c.h; path = ImageUtils.h; sourceTree = "<group>"; };
		9723308B197043EF0025E9FE /* ImageUtils.m */ = {isa = PBXFileReference; fileEncoding = 4; lastKnownFileType = sourcecode.c.objc; path = ImageUtils.m; sourceTree = "<group>"; };
		97273E8B197010B00022987F /* HelpViewController.h */ = {isa = PBXFileReference; fileEncoding = 4; lastKnownFileType = sourcecode.c.h; path = HelpViewController.h; sourceTree = "<group>"; };
		97273E8C197010B00022987F /* HelpViewController.m */ = {isa = PBXFileReference; fileEncoding = 4; lastKnownFileType = sourcecode.c.objc; path = HelpViewController.m; sourceTree = "<group>"; };
		9755DF1A1C7A659E00734A11 /* MorphInterfaceController.h */ = {isa = PBXFileReference; fileEncoding = 4; lastKnownFileType = sourcecode.c.h; path = MorphInterfaceController.h; sourceTree = "<group>"; };
		9755DF1B1C7A659E00734A11 /* MorphInterfaceController.m */ = {isa = PBXFileReference; fileEncoding = 4; lastKnownFileType = sourcecode.c.objc; path = MorphInterfaceController.m; sourceTree = "<group>"; };
		9768BA621C7959CF007E280C /* watchapp.app */ = {isa = PBXFileReference; explicitFileType = wrapper.application; includeInIndex = 0; path = watchapp.app; sourceTree = BUILT_PRODUCTS_DIR; };
		9768BA651C7959CF007E280C /* Base */ = {isa = PBXFileReference; lastKnownFileType = file.storyboard; name = Base; path = Base.lproj/Interface.storyboard; sourceTree = "<group>"; };
		9768BA671C7959CF007E280C /* Assets.xcassets */ = {isa = PBXFileReference; lastKnownFileType = folder.assetcatalog; path = Assets.xcassets; sourceTree = "<group>"; };
		9768BA691C7959CF007E280C /* Info.plist */ = {isa = PBXFileReference; lastKnownFileType = text.plist.xml; path = Info.plist; sourceTree = "<group>"; };
		9768BA6E1C7959CF007E280C /* watchapp Extension.appex */ = {isa = PBXFileReference; explicitFileType = "wrapper.app-extension"; includeInIndex = 0; path = "watchapp Extension.appex"; sourceTree = BUILT_PRODUCTS_DIR; };
		9768BA741C7959CF007E280C /* PushNotificationPayload.apns */ = {isa = PBXFileReference; lastKnownFileType = text; path = PushNotificationPayload.apns; sourceTree = "<group>"; };
		9768BA751C7959CF007E280C /* InterfaceController.h */ = {isa = PBXFileReference; lastKnownFileType = sourcecode.c.h; path = InterfaceController.h; sourceTree = "<group>"; };
		9768BA761C7959CF007E280C /* InterfaceController.m */ = {isa = PBXFileReference; lastKnownFileType = sourcecode.c.objc; path = InterfaceController.m; sourceTree = "<group>"; };
		9768BA781C7959CF007E280C /* ExtensionDelegate.h */ = {isa = PBXFileReference; lastKnownFileType = sourcecode.c.h; path = ExtensionDelegate.h; sourceTree = "<group>"; };
		9768BA791C7959CF007E280C /* ExtensionDelegate.m */ = {isa = PBXFileReference; lastKnownFileType = sourcecode.c.objc; path = ExtensionDelegate.m; sourceTree = "<group>"; };
		9768BA7B1C7959CF007E280C /* NotificationController.h */ = {isa = PBXFileReference; lastKnownFileType = sourcecode.c.h; path = NotificationController.h; sourceTree = "<group>"; };
		9768BA7C1C7959CF007E280C /* NotificationController.m */ = {isa = PBXFileReference; lastKnownFileType = sourcecode.c.objc; path = NotificationController.m; sourceTree = "<group>"; };
		9768BA7E1C7959CF007E280C /* Assets.xcassets */ = {isa = PBXFileReference; lastKnownFileType = folder.assetcatalog; path = Assets.xcassets; sourceTree = "<group>"; };
		9768BA801C7959CF007E280C /* Info.plist */ = {isa = PBXFileReference; lastKnownFileType = text.plist.xml; path = Info.plist; sourceTree = "<group>"; };
		9768BA8D1C796B6F007E280C /* Base */ = {isa = PBXFileReference; lastKnownFileType = file.storyboard; name = Base; path = Base.lproj/Main_iPhone.storyboard; sourceTree = "<group>"; };
		9768BA8F1C79C7E7007E280C /* WatchUtil.h */ = {isa = PBXFileReference; fileEncoding = 4; lastKnownFileType = sourcecode.c.h; path = WatchUtil.h; sourceTree = "<group>"; };
		9768BA901C79C7E7007E280C /* WatchUtil.m */ = {isa = PBXFileReference; fileEncoding = 4; lastKnownFileType = sourcecode.c.objc; path = WatchUtil.m; sourceTree = "<group>"; };
		978821631963643B004B4A78 /* MorphUs.app */ = {isa = PBXFileReference; explicitFileType = wrapper.application; includeInIndex = 0; path = MorphUs.app; sourceTree = BUILT_PRODUCTS_DIR; };
		978821661963643B004B4A78 /* Foundation.framework */ = {isa = PBXFileReference; lastKnownFileType = wrapper.framework; name = Foundation.framework; path = System/Library/Frameworks/Foundation.framework; sourceTree = SDKROOT; };
		978821681963643B004B4A78 /* CoreGraphics.framework */ = {isa = PBXFileReference; lastKnownFileType = wrapper.framework; name = CoreGraphics.framework; path = System/Library/Frameworks/CoreGraphics.framework; sourceTree = SDKROOT; };
		9788216A1963643B004B4A78 /* UIKit.framework */ = {isa = PBXFileReference; lastKnownFileType = wrapper.framework; name = UIKit.framework; path = System/Library/Frameworks/UIKit.framework; sourceTree = SDKROOT; };
		9788216E1963643B004B4A78 /* MorphUs-Info.plist */ = {isa = PBXFileReference; lastKnownFileType = text.plist.xml; path = "MorphUs-Info.plist"; sourceTree = "<group>"; };
		978821701963643B004B4A78 /* en */ = {isa = PBXFileReference; lastKnownFileType = text.plist.strings; name = en; path = en.lproj/InfoPlist.strings; sourceTree = "<group>"; };
		978821721963643B004B4A78 /* main.m */ = {isa = PBXFileReference; lastKnownFileType = sourcecode.c.objc; path = main.m; sourceTree = "<group>"; };
		978821741963643B004B4A78 /* MorphUs-Prefix.pch */ = {isa = PBXFileReference; lastKnownFileType = sourcecode.c.h; path = "MorphUs-Prefix.pch"; sourceTree = "<group>"; };
		978821751963643B004B4A78 /* AppDelegate.h */ = {isa = PBXFileReference; lastKnownFileType = sourcecode.c.h; path = AppDelegate.h; sourceTree = "<group>"; };
		978821761963643B004B4A78 /* AppDelegate.m */ = {isa = PBXFileReference; lastKnownFileType = sourcecode.c.objc; path = AppDelegate.m; sourceTree = "<group>"; };
		9788217C1963643B004B4A78 /* Base */ = {isa = PBXFileReference; lastKnownFileType = file.storyboard; name = Base; path = Base.lproj/Main_iPad.storyboard; sourceTree = "<group>"; };
		978821811963643B004B4A78 /* Images.xcassets */ = {isa = PBXFileReference; lastKnownFileType = folder.assetcatalog; path = Images.xcassets; sourceTree = "<group>"; };
		9791C7DB1B5122180030982F /* Matrix.cpp */ = {isa = PBXFileReference; fileEncoding = 4; lastKnownFileType = sourcecode.cpp.cpp; path = Matrix.cpp; sourceTree = "<group>"; };
		9798FB4119687DF100A75F70 /* AVFoundation.framework */ = {isa = PBXFileReference; lastKnownFileType = wrapper.framework; name = AVFoundation.framework; path = System/Library/Frameworks/AVFoundation.framework; sourceTree = SDKROOT; };
		9799D09D196DA334001D90A6 /* CoreImage.framework */ = {isa = PBXFileReference; lastKnownFileType = wrapper.framework; name = CoreImage.framework; path = System/Library/Frameworks/CoreImage.framework; sourceTree = SDKROOT; };
		9799D09F196DEFA0001D90A6 /* CoreFoundation.framework */ = {isa = PBXFileReference; lastKnownFileType = wrapper.framework; name = CoreFoundation.framework; path = System/Library/Frameworks/CoreFoundation.framework; sourceTree = SDKROOT; };
		979B2D8319690D9600A9A773 /* Matrix.h */ = {isa = PBXFileReference; fileEncoding = 4; lastKnownFileType = sourcecode.c.h; path = Matrix.h; sourceTree = "<group>"; };
		979B2D8519690DE900A9A773 /* Morph.h */ = {isa = PBXFileReference; lastKnownFileType = sourcecode.c.h; path = Morph.h; sourceTree = "<group>"; };
		979B2D8619690DFC00A9A773 /* Morph.cpp */ = {isa = PBXFileReference; fileEncoding = 4; lastKnownFileType = sourcecode.cpp.cpp; path = Morph.cpp; sourceTree = "<group>"; };
		979B2D88196911A300A9A773 /* MorphManager.h */ = {isa = PBXFileReference; fileEncoding = 4; lastKnownFileType = sourcecode.c.h; path = MorphManager.h; sourceTree = "<group>"; };
		979B2D89196911A300A9A773 /* MorphManager.mm */ = {isa = PBXFileReference; fileEncoding = 4; lastKnownFileType = sourcecode.cpp.objcpp; path = MorphManager.mm; sourceTree = "<group>"; };
		979B3B4F1968099F0041671C /* MorphLatticeModel.h */ = {isa = PBXFileReference; fileEncoding = 4; lastKnownFileType = sourcecode.c.h; path = MorphLatticeModel.h; sourceTree = "<group>"; };
		979B3B501968099F0041671C /* MorphLatticeModel.m */ = {isa = PBXFileReference; fileEncoding = 4; lastKnownFileType = sourcecode.c.objc; path = MorphLatticeModel.m; sourceTree = "<group>"; };
		979DBECA196423DE00E4F64A /* AssetsLibrary.framework */ = {isa = PBXFileReference; lastKnownFileType = wrapper.framework; name = AssetsLibrary.framework; path = System/Library/Frameworks/AssetsLibrary.framework; sourceTree = SDKROOT; };
		979DBECC196475B900E4F64A /* MorphTarget.h */ = {isa = PBXFileReference; fileEncoding = 4; lastKnownFileType = sourcecode.c.h; path = MorphTarget.h; sourceTree = "<group>"; };
		979DBECD196475B900E4F64A /* MorphTarget.m */ = {isa = PBXFileReference; fileEncoding = 4; lastKnownFileType = sourcecode.c.objc; path = MorphTarget.m; sourceTree = "<group>"; };
		979F6168196CA3ED003FC04B /* VideoWriter.h */ = {isa = PBXFileReference; fileEncoding = 4; lastKnownFileType = sourcecode.c.h; path = VideoWriter.h; sourceTree = "<group>"; };
		979F6169196CA3ED003FC04B /* VideoWriter.m */ = {isa = PBXFileReference; fileEncoding = 4; lastKnownFileType = sourcecode.c.objc; path = VideoWriter.m; sourceTree = "<group>"; };
		97AAEC1C196593AE00D449F1 /* ImageCollectionViewCell.h */ = {isa = PBXFileReference; fileEncoding = 4; lastKnownFileType = sourcecode.c.h; path = ImageCollectionViewCell.h; sourceTree = "<group>"; };
		97AAEC1D196593AE00D449F1 /* ImageCollectionViewCell.m */ = {isa = PBXFileReference; fileEncoding = 4; lastKnownFileType = sourcecode.c.objc; path = ImageCollectionViewCell.m; sourceTree = "<group>"; };
		97EF14641C79F2FD009DDCB2 /* MorphUs.entitlements */ = {isa = PBXFileReference; lastKnownFileType = text.xml; path = MorphUs.entitlements; sourceTree = "<group>"; };
		97EF14651C7A2CDD009DDCB2 /* ProjectRow.h */ = {isa = PBXFileReference; fileEncoding = 4; lastKnownFileType = sourcecode.c.h; path = ProjectRow.h; sourceTree = "<group>"; };
		97EF14661C7A2CDD009DDCB2 /* ProjectRow.m */ = {isa = PBXFileReference; fileEncoding = 4; lastKnownFileType = sourcecode.c.objc; path = ProjectRow.m; sourceTree = "<group>"; };
		97EF881C2043590C00A90BF5 /* shape_predictor_68_face_landmarks.dat */ = {isa = PBXFileReference; lastKnownFileType = file; name = shape_predictor_68_face_landmarks.dat; path = dlib_iOS/shape_predictor_68_face_landmarks.dat; sourceTree = "<group>"; };
		97EF881E2043658100A90BF5 /* Accelerate.framework */ = {isa = PBXFileReference; lastKnownFileType = wrapper.framework; name = Accelerate.framework; path = System/Library/Frameworks/Accelerate.framework; sourceTree = SDKROOT; };
/* End PBXFileReference section */

/* Begin PBXFrameworksBuildPhase section */
		9768BA6B1C7959CF007E280C /* Frameworks */ = {
			isa = PBXFrameworksBuildPhase;
			buildActionMask = 2147483647;
			files = (
			);
			runOnlyForDeploymentPostprocessing = 0;
		};
		978821601963643B004B4A78 /* Frameworks */ = {
			isa = PBXFrameworksBuildPhase;
			buildActionMask = 2147483647;
			files = (
				97D444302046C78500213134 /* libdlib.a in Frameworks */,
				97EF881F2043658200A90BF5 /* Accelerate.framework in Frameworks */,
				971E07781B51F2F300DFE322 /* CoreData.framework in Frameworks */,
				9799D0A0196DEFA0001D90A6 /* CoreFoundation.framework in Frameworks */,
				9799D09E196DA334001D90A6 /* CoreImage.framework in Frameworks */,
				979DBECB196423DE00E4F64A /* AssetsLibrary.framework in Frameworks */,
				9798FB4219687DF100A75F70 /* AVFoundation.framework in Frameworks */,
				970B53701966D03F00693767 /* GLKit.framework in Frameworks */,
				970B536E1966D03600693767 /* OpenGLES.framework in Frameworks */,
				970B536C1966D02D00693767 /* QuartzCore.framework in Frameworks */,
				978821691963643B004B4A78 /* CoreGraphics.framework in Frameworks */,
				9788216B1963643B004B4A78 /* UIKit.framework in Frameworks */,
				978821671963643B004B4A78 /* Foundation.framework in Frameworks */,
			);
			runOnlyForDeploymentPostprocessing = 0;
		};
/* End PBXFrameworksBuildPhase section */

/* Begin PBXGroup section */
		970B537719670E6B00693767 /* Shaders */ = {
			isa = PBXGroup;
			children = (
				970B537819670EAA00693767 /* Shader.fsh */,
				970B537A19670EBC00693767 /* Shader.vsh */,
			);
			name = Shaders;
			sourceTree = "<group>";
		};
		970DA5231C824DA00015D8A8 /* progressImages */ = {
			isa = PBXGroup;
			children = (
				970DA5EE1C825F800015D8A8 /* progress0.png */,
				970DA5EF1C825F800015D8A8 /* progress1.png */,
				970DA5F01C825F800015D8A8 /* progress2.png */,
				970DA5F11C825F800015D8A8 /* progress3.png */,
				970DA5F21C825F800015D8A8 /* progress4.png */,
				970DA5F31C825F800015D8A8 /* progress5.png */,
				970DA5F41C825F800015D8A8 /* progress6.png */,
				970DA5F51C825F800015D8A8 /* progress7.png */,
				970DA5F61C825F800015D8A8 /* progress8.png */,
				970DA5F71C825F800015D8A8 /* progress9.png */,
				970DA5F81C825F800015D8A8 /* progress10.png */,
				970DA5F91C825F800015D8A8 /* progress11.png */,
				970DA5FA1C825F800015D8A8 /* progress12.png */,
				970DA5FB1C825F800015D8A8 /* progress13.png */,
				970DA5FC1C825F800015D8A8 /* progress14.png */,
				970DA5FD1C825F800015D8A8 /* progress15.png */,
				970DA5FE1C825F800015D8A8 /* progress16.png */,
				970DA5FF1C825F800015D8A8 /* progress17.png */,
				970DA6001C825F800015D8A8 /* progress18.png */,
				970DA6011C825F800015D8A8 /* progress19.png */,
				970DA6021C825F800015D8A8 /* progress20.png */,
				970DA6031C825F800015D8A8 /* progress21.png */,
				970DA6041C825F800015D8A8 /* progress22.png */,
				970DA6051C825F800015D8A8 /* progress23.png */,
				970DA6061C825F800015D8A8 /* progress24.png */,
				970DA6071C825F800015D8A8 /* progress25.png */,
				970DA6081C825F800015D8A8 /* progress26.png */,
				970DA6091C825F800015D8A8 /* progress27.png */,
				970DA60A1C825F800015D8A8 /* progress28.png */,
				970DA60B1C825F800015D8A8 /* progress29.png */,
				970DA60C1C825F800015D8A8 /* progress30.png */,
				970DA60D1C825F800015D8A8 /* progress31.png */,
				970DA60E1C825F800015D8A8 /* progress32.png */,
				970DA60F1C825F800015D8A8 /* progress33.png */,
				970DA6101C825F800015D8A8 /* progress34.png */,
				970DA6111C825F800015D8A8 /* progress35.png */,
				970DA6121C825F800015D8A8 /* progress36.png */,
				970DA6131C825F800015D8A8 /* progress37.png */,
				970DA6141C825F800015D8A8 /* progress38.png */,
				970DA6151C825F800015D8A8 /* progress39.png */,
				970DA6161C825F800015D8A8 /* progress40.png */,
				970DA6171C825F800015D8A8 /* progress41.png */,
				970DA6181C825F800015D8A8 /* progress42.png */,
				970DA6191C825F800015D8A8 /* progress43.png */,
				970DA61A1C825F800015D8A8 /* progress44.png */,
				970DA61B1C825F800015D8A8 /* progress45.png */,
				970DA61C1C825F800015D8A8 /* progress46.png */,
				970DA61D1C825F800015D8A8 /* progress47.png */,
				970DA61E1C825F800015D8A8 /* progress48.png */,
				970DA61F1C825F800015D8A8 /* progress49.png */,
				970DA6201C825F800015D8A8 /* progress50.png */,
				970DA6211C825F800015D8A8 /* progress51.png */,
				970DA6221C825F800015D8A8 /* progress52.png */,
				970DA6231C825F800015D8A8 /* progress53.png */,
				970DA6241C825F800015D8A8 /* progress54.png */,
				970DA6251C825F800015D8A8 /* progress55.png */,
				970DA6261C825F800015D8A8 /* progress56.png */,
				970DA6271C825F800015D8A8 /* progress57.png */,
				970DA6281C825F800015D8A8 /* progress58.png */,
				970DA6291C825F800015D8A8 /* progress59.png */,
				970DA62A1C825F800015D8A8 /* progress60.png */,
				970DA62B1C825F800015D8A8 /* progress61.png */,
				970DA62C1C825F800015D8A8 /* progress62.png */,
				970DA62D1C825F800015D8A8 /* progress63.png */,
				970DA62E1C825F800015D8A8 /* progress64.png */,
				970DA62F1C825F800015D8A8 /* progress65.png */,
				970DA6301C825F800015D8A8 /* progress66.png */,
				970DA6311C825F800015D8A8 /* progress67.png */,
				970DA6321C825F800015D8A8 /* progress68.png */,
				970DA6331C825F800015D8A8 /* progress69.png */,
				970DA6341C825F800015D8A8 /* progress70.png */,
				970DA6351C825F800015D8A8 /* progress71.png */,
				970DA6361C825F800015D8A8 /* progress72.png */,
				970DA6371C825F800015D8A8 /* progress73.png */,
				970DA6381C825F800015D8A8 /* progress74.png */,
				970DA6391C825F800015D8A8 /* progress75.png */,
				970DA63A1C825F800015D8A8 /* progress76.png */,
				970DA63B1C825F800015D8A8 /* progress77.png */,
				970DA63C1C825F800015D8A8 /* progress78.png */,
				970DA63D1C825F800015D8A8 /* progress79.png */,
				970DA63E1C825F800015D8A8 /* progress80.png */,
				970DA63F1C825F800015D8A8 /* progress81.png */,
				970DA6401C825F800015D8A8 /* progress82.png */,
				970DA6411C825F800015D8A8 /* progress83.png */,
				970DA6421C825F800015D8A8 /* progress84.png */,
				970DA6431C825F800015D8A8 /* progress85.png */,
				970DA6441C825F800015D8A8 /* progress86.png */,
				970DA6451C825F800015D8A8 /* progress87.png */,
				970DA6461C825F800015D8A8 /* progress88.png */,
				970DA6471C825F800015D8A8 /* progress89.png */,
				970DA6481C825F800015D8A8 /* progress90.png */,
				970DA6491C825F800015D8A8 /* progress91.png */,
				970DA64A1C825F800015D8A8 /* progress92.png */,
				970DA64B1C825F800015D8A8 /* progress93.png */,
				970DA64C1C825F800015D8A8 /* progress94.png */,
				970DA64D1C825F800015D8A8 /* progress95.png */,
				970DA64E1C825F800015D8A8 /* progress96.png */,
				970DA64F1C825F800015D8A8 /* progress97.png */,
				970DA6501C825F800015D8A8 /* progress98.png */,
				970DA6511C825F800015D8A8 /* progress99.png */,
				970DA6521C825F800015D8A8 /* progress100.png */,
			);
			name = progressImages;
			sourceTree = "<group>";
		};
		97273E8A196FDEB60022987F /* MorphUs */ = {
			isa = PBXGroup;
			children = (
				97EF14641C79F2FD009DDCB2 /* MorphUs.entitlements */,
				979B2D8419690DAB00A9A773 /* cpp */,
				970B537719670E6B00693767 /* Shaders */,
				971E078B1B527A7200DFE322 /* Utils.h */,
				971E078C1B527A7200DFE322 /* Utils.m */,
				978821751963643B004B4A78 /* AppDelegate.h */,
				978821761963643B004B4A78 /* AppDelegate.m */,
				9702BEEE204322DA003AAD73 /* FaceDetection.h */,
				9702BEEC20432294003AAD73 /* FaceDetection.mm */,
				979DBECC196475B900E4F64A /* MorphTarget.h */,
				979DBECD196475B900E4F64A /* MorphTarget.m */,
				979B2D88196911A300A9A773 /* MorphManager.h */,
				979B2D89196911A300A9A773 /* MorphManager.mm */,
				979B3B4F1968099F0041671C /* MorphLatticeModel.h */,
				979B3B501968099F0041671C /* MorphLatticeModel.m */,
				979F6168196CA3ED003FC04B /* VideoWriter.h */,
				979F6169196CA3ED003FC04B /* VideoWriter.m */,
				9723308A197043EF0025E9FE /* ImageUtils.h */,
				9723308B197043EF0025E9FE /* ImageUtils.m */,
				97273E8B197010B00022987F /* HelpViewController.h */,
				97273E8C197010B00022987F /* HelpViewController.m */,
				970B53741966D61D00693767 /* GLKMorphViewController.h */,
				970B53751966D61D00693767 /* GLKMorphViewController.m */,
				97AAEC1C196593AE00D449F1 /* ImageCollectionViewCell.h */,
				97AAEC1D196593AE00D449F1 /* ImageCollectionViewCell.m */,
				971E077E1B51F9BD00DFE322 /* MorphViewController.h */,
				971E077F1B51F9BD00DFE322 /* MorphViewController.m */,
				971E078E1B52810D00DFE322 /* ProjectsTableViewCell.h */,
				971E078F1B52810D00DFE322 /* ProjectsTableViewCell.m */,
				971E07801B51F9BD00DFE322 /* ProjectsViewController.h */,
				971E07811B51F9BD00DFE322 /* ProjectsViewController.m */,
				971E07911B55A47B00DFE322 /* MorphSettingsTableViewController.h */,
				971E07921B55A47B00DFE322 /* MorphSettingsTableViewController.m */,
				9768BA8F1C79C7E7007E280C /* WatchUtil.h */,
				9768BA901C79C7E7007E280C /* WatchUtil.m */,
				978821811963643B004B4A78 /* Images.xcassets */,
				971E07881B52616F00DFE322 /* MorphModel.xcdatamodeld */,
				9768BA8C1C796B6F007E280C /* Main_iPhone.storyboard */,
				9788217B1963643B004B4A78 /* Main_iPad.storyboard */,
				9788216D1963643B004B4A78 /* Supporting Files */,
			);
			path = MorphUs;
			sourceTree = "<group>";
		};
		9768BA631C7959CF007E280C /* watchapp */ = {
			isa = PBXGroup;
			children = (
				970DA5231C824DA00015D8A8 /* progressImages */,
				9768BA641C7959CF007E280C /* Interface.storyboard */,
				9768BA671C7959CF007E280C /* Assets.xcassets */,
				9768BA691C7959CF007E280C /* Info.plist */,
			);
			path = watchapp;
			sourceTree = "<group>";
		};
		9768BA721C7959CF007E280C /* watchapp Extension */ = {
			isa = PBXGroup;
			children = (
				97EF14651C7A2CDD009DDCB2 /* ProjectRow.h */,
				97EF14661C7A2CDD009DDCB2 /* ProjectRow.m */,
				9768BA751C7959CF007E280C /* InterfaceController.h */,
				9768BA761C7959CF007E280C /* InterfaceController.m */,
				9755DF1A1C7A659E00734A11 /* MorphInterfaceController.h */,
				9755DF1B1C7A659E00734A11 /* MorphInterfaceController.m */,
				9768BA781C7959CF007E280C /* ExtensionDelegate.h */,
				9768BA791C7959CF007E280C /* ExtensionDelegate.m */,
				9768BA7B1C7959CF007E280C /* NotificationController.h */,
				9768BA7C1C7959CF007E280C /* NotificationController.m */,
				9768BA7E1C7959CF007E280C /* Assets.xcassets */,
				9768BA801C7959CF007E280C /* Info.plist */,
				9768BA731C7959CF007E280C /* Supporting Files */,
			);
			path = "watchapp Extension";
			sourceTree = "<group>";
		};
		9768BA731C7959CF007E280C /* Supporting Files */ = {
			isa = PBXGroup;
			children = (
				9768BA741C7959CF007E280C /* PushNotificationPayload.apns */,
			);
			name = "Supporting Files";
			sourceTree = "<group>";
		};
		9788215A1963643B004B4A78 = {
			isa = PBXGroup;
			children = (
				97EF881C2043590C00A90BF5 /* shape_predictor_68_face_landmarks.dat */,
				97273E8A196FDEB60022987F /* MorphUs */,
				9768BA631C7959CF007E280C /* watchapp */,
				9768BA721C7959CF007E280C /* watchapp Extension */,
				978821651963643B004B4A78 /* Frameworks */,
				978821641963643B004B4A78 /* Products */,
			);
			sourceTree = "<group>";
		};
		978821641963643B004B4A78 /* Products */ = {
			isa = PBXGroup;
			children = (
				978821631963643B004B4A78 /* MorphUs.app */,
				9768BA621C7959CF007E280C /* watchapp.app */,
				9768BA6E1C7959CF007E280C /* watchapp Extension.appex */,
			);
			name = Products;
			sourceTree = "<group>";
		};
		978821651963643B004B4A78 /* Frameworks */ = {
			isa = PBXGroup;
			children = (
				9702BEEA204321BA003AAD73 /* libdlib.a */,
				97EF881E2043658100A90BF5 /* Accelerate.framework */,
				971E07771B51F2F300DFE322 /* CoreData.framework */,
				9799D09F196DEFA0001D90A6 /* CoreFoundation.framework */,
				9799D09D196DA334001D90A6 /* CoreImage.framework */,
				9798FB4119687DF100A75F70 /* AVFoundation.framework */,
				970B536F1966D03F00693767 /* GLKit.framework */,
				970B536D1966D03600693767 /* OpenGLES.framework */,
				970B536B1966D02D00693767 /* QuartzCore.framework */,
				979DBECA196423DE00E4F64A /* AssetsLibrary.framework */,
				978821661963643B004B4A78 /* Foundation.framework */,
				978821681963643B004B4A78 /* CoreGraphics.framework */,
				9788216A1963643B004B4A78 /* UIKit.framework */,
			);
			name = Frameworks;
			sourceTree = "<group>";
		};
		9788216D1963643B004B4A78 /* Supporting Files */ = {
			isa = PBXGroup;
			children = (
				9788216E1963643B004B4A78 /* MorphUs-Info.plist */,
				9788216F1963643B004B4A78 /* InfoPlist.strings */,
				978821721963643B004B4A78 /* main.m */,
				978821741963643B004B4A78 /* MorphUs-Prefix.pch */,
			);
			name = "Supporting Files";
			sourceTree = "<group>";
		};
		979B2D8419690DAB00A9A773 /* cpp */ = {
			isa = PBXGroup;
			children = (
				979B2D8319690D9600A9A773 /* Matrix.h */,
				9791C7DB1B5122180030982F /* Matrix.cpp */,
				979B2D8519690DE900A9A773 /* Morph.h */,
				979B2D8619690DFC00A9A773 /* Morph.cpp */,
			);
			name = cpp;
			sourceTree = "<group>";
		};
/* End PBXGroup section */

/* Begin PBXNativeTarget section */
		9768BA611C7959CF007E280C /* watchapp */ = {
			isa = PBXNativeTarget;
			buildConfigurationList = 9768BA8A1C7959CF007E280C /* Build configuration list for PBXNativeTarget "watchapp" */;
			buildPhases = (
				9768BA601C7959CF007E280C /* Resources */,
				9768BA891C7959CF007E280C /* Embed App Extensions */,
			);
			buildRules = (
			);
			dependencies = (
				9768BA711C7959CF007E280C /* PBXTargetDependency */,
			);
			name = watchapp;
			productName = watchapp;
			productReference = 9768BA621C7959CF007E280C /* watchapp.app */;
			productType = "com.apple.product-type.application.watchapp2";
		};
		9768BA6D1C7959CF007E280C /* watchapp Extension */ = {
			isa = PBXNativeTarget;
			buildConfigurationList = 9768BA881C7959CF007E280C /* Build configuration list for PBXNativeTarget "watchapp Extension" */;
			buildPhases = (
				9768BA6A1C7959CF007E280C /* Sources */,
				9768BA6B1C7959CF007E280C /* Frameworks */,
				9768BA6C1C7959CF007E280C /* Resources */,
			);
			buildRules = (
			);
			dependencies = (
			);
			name = "watchapp Extension";
			productName = "watchapp Extension";
			productReference = 9768BA6E1C7959CF007E280C /* watchapp Extension.appex */;
			productType = "com.apple.product-type.watchkit2-extension";
		};
		978821621963643B004B4A78 /* MorphUs */ = {
			isa = PBXNativeTarget;
			buildConfigurationList = 978821981963643B004B4A78 /* Build configuration list for PBXNativeTarget "MorphUs" */;
			buildPhases = (
				9788215F1963643B004B4A78 /* Sources */,
				978821601963643B004B4A78 /* Frameworks */,
				978821611963643B004B4A78 /* Resources */,
				9768BA8B1C7959CF007E280C /* Embed Watch Content */,
			);
			buildRules = (
			);
			dependencies = (
				9768BA821C7959CF007E280C /* PBXTargetDependency */,
			);
			name = MorphUs;
			productName = Selfwe;
			productReference = 978821631963643B004B4A78 /* MorphUs.app */;
			productType = "com.apple.product-type.application";
		};
/* End PBXNativeTarget section */

/* Begin PBXProject section */
		9788215B1963643B004B4A78 /* Project object */ = {
			isa = PBXProject;
			attributes = {
				LastUpgradeCheck = 0710;
				ORGANIZATIONNAME = cuffedtothekeyboard;
				TargetAttributes = {
					9768BA611C7959CF007E280C = {
						CreatedOnToolsVersion = 7.2;
						DevelopmentTeam = KJW5SEM824;
					};
					9768BA6D1C7959CF007E280C = {
						CreatedOnToolsVersion = 7.2;
						DevelopmentTeam = KJW5SEM824;
						SystemCapabilities = {
							com.apple.Push = {
								enabled = 1;
							};
						};
					};
					978821621963643B004B4A78 = {
						DevelopmentTeam = KJW5SEM824;
						SystemCapabilities = {
							com.apple.ApplicationGroups.iOS = {
								enabled = 1;
							};
							com.apple.Push = {
								enabled = 1;
							};
						};
					};
				};
			};
			buildConfigurationList = 9788215E1963643B004B4A78 /* Build configuration list for PBXProject "MorphUs" */;
			compatibilityVersion = "Xcode 3.2";
			developmentRegion = English;
			hasScannedForEncodings = 0;
			knownRegions = (
				en,
				Base,
			);
			mainGroup = 9788215A1963643B004B4A78;
			productRefGroup = 978821641963643B004B4A78 /* Products */;
			projectDirPath = "";
			projectRoot = "";
			targets = (
				978821621963643B004B4A78 /* MorphUs */,
				9768BA611C7959CF007E280C /* watchapp */,
				9768BA6D1C7959CF007E280C /* watchapp Extension */,
			);
		};
/* End PBXProject section */

/* Begin PBXResourcesBuildPhase section */
		9768BA601C7959CF007E280C /* Resources */ = {
			isa = PBXResourcesBuildPhase;
			buildActionMask = 2147483647;
			files = (
				970DA6741C825F800015D8A8 /* progress33.png in Resources */,
				970DA6AB1C825F800015D8A8 /* progress88.png in Resources */,
				970DA6911C825F800015D8A8 /* progress62.png in Resources */,
				970DA65A1C825F800015D8A8 /* progress7.png in Resources */,
				970DA6701C825F800015D8A8 /* progress29.png in Resources */,
				970DA66E1C825F800015D8A8 /* progress27.png in Resources */,
				970DA6B61C825F800015D8A8 /* progress99.png in Resources */,
				970DA66B1C825F800015D8A8 /* progress24.png in Resources */,
				970DA66A1C825F800015D8A8 /* progress23.png in Resources */,
				970DA6B11C825F800015D8A8 /* progress94.png in Resources */,
				970DA67F1C825F800015D8A8 /* progress44.png in Resources */,
				970DA67A1C825F800015D8A8 /* progress39.png in Resources */,
				970DA68A1C825F800015D8A8 /* progress55.png in Resources */,
				970DA6B71C825F800015D8A8 /* progress100.png in Resources */,
				970DA6681C825F800015D8A8 /* progress21.png in Resources */,
				970DA6731C825F800015D8A8 /* progress32.png in Resources */,
				970DA6891C825F800015D8A8 /* progress54.png in Resources */,
				970DA6AE1C825F800015D8A8 /* progress91.png in Resources */,
				970DA68B1C825F800015D8A8 /* progress56.png in Resources */,
				970DA6A21C825F800015D8A8 /* progress79.png in Resources */,
				970DA69E1C825F800015D8A8 /* progress75.png in Resources */,
				970DA6791C825F800015D8A8 /* progress38.png in Resources */,
				970DA6671C825F800015D8A8 /* progress20.png in Resources */,
				970DA65D1C825F800015D8A8 /* progress10.png in Resources */,
				970DA6991C825F800015D8A8 /* progress70.png in Resources */,
				970DA6B51C825F800015D8A8 /* progress98.png in Resources */,
				970DA6761C825F800015D8A8 /* progress35.png in Resources */,
				970DA6621C825F800015D8A8 /* progress15.png in Resources */,
				970DA6551C825F800015D8A8 /* progress2.png in Resources */,
				970DA6851C825F800015D8A8 /* progress50.png in Resources */,
				970DA6A31C825F800015D8A8 /* progress80.png in Resources */,
				970DA66D1C825F800015D8A8 /* progress26.png in Resources */,
				970DA66F1C825F800015D8A8 /* progress28.png in Resources */,
				970DA6A61C825F800015D8A8 /* progress83.png in Resources */,
				970DA6691C825F800015D8A8 /* progress22.png in Resources */,
				970DA6781C825F800015D8A8 /* progress37.png in Resources */,
				970DA68F1C825F800015D8A8 /* progress60.png in Resources */,
				970DA6AA1C825F800015D8A8 /* progress87.png in Resources */,
				9768BA681C7959CF007E280C /* Assets.xcassets in Resources */,
				970DA6921C825F800015D8A8 /* progress63.png in Resources */,
				970DA6821C825F800015D8A8 /* progress47.png in Resources */,
				970DA6721C825F800015D8A8 /* progress31.png in Resources */,
				970DA6581C825F800015D8A8 /* progress5.png in Resources */,
				970DA6961C825F800015D8A8 /* progress67.png in Resources */,
				970DA6A71C825F800015D8A8 /* progress84.png in Resources */,
				970DA6901C825F800015D8A8 /* progress61.png in Resources */,
				970DA6751C825F800015D8A8 /* progress34.png in Resources */,
				970DA6A01C825F800015D8A8 /* progress77.png in Resources */,
				970DA67C1C825F800015D8A8 /* progress41.png in Resources */,
				970DA6B41C825F800015D8A8 /* progress97.png in Resources */,
				970DA6661C825F800015D8A8 /* progress19.png in Resources */,
				970DA6841C825F800015D8A8 /* progress49.png in Resources */,
				970DA69A1C825F800015D8A8 /* progress71.png in Resources */,
				970DA6A41C825F800015D8A8 /* progress81.png in Resources */,
				970DA6AD1C825F800015D8A8 /* progress90.png in Resources */,
				970DA6641C825F800015D8A8 /* progress17.png in Resources */,
				970DA69F1C825F800015D8A8 /* progress76.png in Resources */,
				970DA67D1C825F800015D8A8 /* progress42.png in Resources */,
				970DA65B1C825F800015D8A8 /* progress8.png in Resources */,
				970DA68D1C825F800015D8A8 /* progress58.png in Resources */,
				970DA6651C825F800015D8A8 /* progress18.png in Resources */,
				970DA6531C825F800015D8A8 /* progress0.png in Resources */,
				970DA6541C825F800015D8A8 /* progress1.png in Resources */,
				970DA67B1C825F800015D8A8 /* progress40.png in Resources */,
				970DA6A91C825F800015D8A8 /* progress86.png in Resources */,
				970DA6A11C825F800015D8A8 /* progress78.png in Resources */,
				970DA6931C825F800015D8A8 /* progress64.png in Resources */,
				970DA69C1C825F800015D8A8 /* progress73.png in Resources */,
				970DA6871C825F800015D8A8 /* progress52.png in Resources */,
				970DA6711C825F800015D8A8 /* progress30.png in Resources */,
				970DA6B31C825F800015D8A8 /* progress96.png in Resources */,
				970DA69D1C825F800015D8A8 /* progress74.png in Resources */,
				970DA6B01C825F800015D8A8 /* progress93.png in Resources */,
				970DA6771C825F800015D8A8 /* progress36.png in Resources */,
				970DA65E1C825F800015D8A8 /* progress11.png in Resources */,
				970DA68E1C825F800015D8A8 /* progress59.png in Resources */,
				970DA6631C825F800015D8A8 /* progress16.png in Resources */,
				970DA6561C825F800015D8A8 /* progress3.png in Resources */,
				970DA6601C825F800015D8A8 /* progress13.png in Resources */,
				970DA69B1C825F800015D8A8 /* progress72.png in Resources */,
				970DA68C1C825F800015D8A8 /* progress57.png in Resources */,
				970DA66C1C825F800015D8A8 /* progress25.png in Resources */,
				970DA6831C825F800015D8A8 /* progress48.png in Resources */,
				970DA6811C825F800015D8A8 /* progress46.png in Resources */,
				970DA6971C825F800015D8A8 /* progress68.png in Resources */,
				970DA6881C825F800015D8A8 /* progress53.png in Resources */,
				970DA6611C825F800015D8A8 /* progress14.png in Resources */,
				970DA6A81C825F800015D8A8 /* progress85.png in Resources */,
				9768BA661C7959CF007E280C /* Interface.storyboard in Resources */,
				970DA6B21C825F800015D8A8 /* progress95.png in Resources */,
				970DA65F1C825F800015D8A8 /* progress12.png in Resources */,
				970DA6941C825F800015D8A8 /* progress65.png in Resources */,
				970DA6591C825F800015D8A8 /* progress6.png in Resources */,
				970DA65C1C825F800015D8A8 /* progress9.png in Resources */,
				970DA6AF1C825F800015D8A8 /* progress92.png in Resources */,
				970DA6571C825F800015D8A8 /* progress4.png in Resources */,
				970DA67E1C825F800015D8A8 /* progress43.png in Resources */,
				970DA6951C825F800015D8A8 /* progress66.png in Resources */,
				970DA6AC1C825F800015D8A8 /* progress89.png in Resources */,
				970DA6A51C825F800015D8A8 /* progress82.png in Resources */,
				970DA6981C825F800015D8A8 /* progress69.png in Resources */,
				970DA6861C825F800015D8A8 /* progress51.png in Resources */,
				970DA6801C825F800015D8A8 /* progress45.png in Resources */,
			);
			runOnlyForDeploymentPostprocessing = 0;
		};
		9768BA6C1C7959CF007E280C /* Resources */ = {
			isa = PBXResourcesBuildPhase;
			buildActionMask = 2147483647;
			files = (
				9768BA7F1C7959CF007E280C /* Assets.xcassets in Resources */,
			);
			runOnlyForDeploymentPostprocessing = 0;
		};
		978821611963643B004B4A78 /* Resources */ = {
			isa = PBXResourcesBuildPhase;
			buildActionMask = 2147483647;
			files = (
				97EF881D2043590D00A90BF5 /* shape_predictor_68_face_landmarks.dat in Resources */,
				970B53D4196717AC00693767 /* Shader.vsh in Resources */,
				970B53D3196717A300693767 /* Shader.fsh in Resources */,
				9768BA8E1C796B6F007E280C /* Main_iPhone.storyboard in Resources */,
				9788217D1963643B004B4A78 /* Main_iPad.storyboard in Resources */,
				978821821963643B004B4A78 /* Images.xcassets in Resources */,
				978821711963643B004B4A78 /* InfoPlist.strings in Resources */,
			);
			runOnlyForDeploymentPostprocessing = 0;
		};
/* End PBXResourcesBuildPhase section */

/* Begin PBXSourcesBuildPhase section */
		9768BA6A1C7959CF007E280C /* Sources */ = {
			isa = PBXSourcesBuildPhase;
			buildActionMask = 2147483647;
			files = (
				9768BA7A1C7959CF007E280C /* ExtensionDelegate.m in Sources */,
				9768BA771C7959CF007E280C /* InterfaceController.m in Sources */,
				97EF14671C7A2CDD009DDCB2 /* ProjectRow.m in Sources */,
				9768BA7D1C7959CF007E280C /* NotificationController.m in Sources */,
				9755DF1C1C7A659E00734A11 /* MorphInterfaceController.m in Sources */,
			);
			runOnlyForDeploymentPostprocessing = 0;
		};
		9788215F1963643B004B4A78 /* Sources */ = {
			isa = PBXSourcesBuildPhase;
			buildActionMask = 2147483647;
			files = (
				9702BEED20432294003AAD73 /* FaceDetection.mm in Sources */,
				971E07901B52810D00DFE322 /* ProjectsTableViewCell.m in Sources */,
				979F616A196CA3ED003FC04B /* VideoWriter.m in Sources */,
				979B2D8719690DFC00A9A773 /* Morph.cpp in Sources */,
				9723308C197043EF0025E9FE /* ImageUtils.m in Sources */,
				971E07931B55A47B00DFE322 /* MorphSettingsTableViewController.m in Sources */,
				9791C7DC1B5122180030982F /* Matrix.cpp in Sources */,
				971E07831B51F9BD00DFE322 /* MorphViewController.m in Sources */,
				971E07841B51F9BD00DFE322 /* ProjectsViewController.m in Sources */,
				979DBECE196475B900E4F64A /* MorphTarget.m in Sources */,
				970B53761966D61D00693767 /* GLKMorphViewController.m in Sources */,
				979B3B511968099F0041671C /* MorphLatticeModel.m in Sources */,
				978821771963643B004B4A78 /* AppDelegate.m in Sources */,
				9768BA911C79C7E7007E280C /* WatchUtil.m in Sources */,
				971E078D1B527A7200DFE322 /* Utils.m in Sources */,
				971E078A1B52616F00DFE322 /* MorphModel.xcdatamodeld in Sources */,
				97AAEC1E196593AE00D449F1 /* ImageCollectionViewCell.m in Sources */,
				978821731963643B004B4A78 /* main.m in Sources */,
				97273E8D197010B00022987F /* HelpViewController.m in Sources */,
				979B2D8A196911A300A9A773 /* MorphManager.mm in Sources */,
			);
			runOnlyForDeploymentPostprocessing = 0;
		};
/* End PBXSourcesBuildPhase section */

/* Begin PBXTargetDependency section */
		9768BA711C7959CF007E280C /* PBXTargetDependency */ = {
			isa = PBXTargetDependency;
			target = 9768BA6D1C7959CF007E280C /* watchapp Extension */;
			targetProxy = 9768BA701C7959CF007E280C /* PBXContainerItemProxy */;
		};
		9768BA821C7959CF007E280C /* PBXTargetDependency */ = {
			isa = PBXTargetDependency;
			target = 9768BA611C7959CF007E280C /* watchapp */;
			targetProxy = 9768BA811C7959CF007E280C /* PBXContainerItemProxy */;
		};
/* End PBXTargetDependency section */

/* Begin PBXVariantGroup section */
		9768BA641C7959CF007E280C /* Interface.storyboard */ = {
			isa = PBXVariantGroup;
			children = (
				9768BA651C7959CF007E280C /* Base */,
			);
			name = Interface.storyboard;
			sourceTree = "<group>";
		};
		9768BA8C1C796B6F007E280C /* Main_iPhone.storyboard */ = {
			isa = PBXVariantGroup;
			children = (
				9768BA8D1C796B6F007E280C /* Base */,
			);
			name = Main_iPhone.storyboard;
			sourceTree = "<group>";
		};
		9788216F1963643B004B4A78 /* InfoPlist.strings */ = {
			isa = PBXVariantGroup;
			children = (
				978821701963643B004B4A78 /* en */,
			);
			name = InfoPlist.strings;
			sourceTree = "<group>";
		};
		9788217B1963643B004B4A78 /* Main_iPad.storyboard */ = {
			isa = PBXVariantGroup;
			children = (
				9788217C1963643B004B4A78 /* Base */,
			);
			name = Main_iPad.storyboard;
			sourceTree = "<group>";
		};
/* End PBXVariantGroup section */

/* Begin XCBuildConfiguration section */
		9768BA841C7959CF007E280C /* Debug */ = {
			isa = XCBuildConfiguration;
			buildSettings = {
				ASSETCATALOG_COMPILER_APPICON_NAME = AppIcon;
				CLANG_WARN_UNREACHABLE_CODE = YES;
				CODE_SIGN_IDENTITY = "iPhone Developer";
				"CODE_SIGN_IDENTITY[sdk=iphoneos*]" = "iPhone Developer";
				DEBUG_INFORMATION_FORMAT = dwarf;
				ENABLE_BITCODE = YES;
				ENABLE_STRICT_OBJC_MSGSEND = YES;
				GCC_NO_COMMON_BLOCKS = YES;
				IBSC_MODULE = watchapp_Extension;
				INFOPLIST_FILE = watchapp/Info.plist;
				MTL_ENABLE_DEBUG_INFO = YES;
				PRODUCT_BUNDLE_IDENTIFIER = com.cuffedtothekeyboard.MorphUs.watchkitapp;
				PRODUCT_NAME = "$(TARGET_NAME)";
				SDKROOT = watchos;
				SKIP_INSTALL = YES;
				TARGETED_DEVICE_FAMILY = 4;
				WATCHOS_DEPLOYMENT_TARGET = 2.1;
			};
			name = Debug;
		};
		9768BA851C7959CF007E280C /* Release */ = {
			isa = XCBuildConfiguration;
			buildSettings = {
				ASSETCATALOG_COMPILER_APPICON_NAME = AppIcon;
				CLANG_WARN_UNREACHABLE_CODE = YES;
				CODE_SIGN_IDENTITY = "iPhone Developer";
				"CODE_SIGN_IDENTITY[sdk=iphoneos*]" = "iPhone Developer";
				COPY_PHASE_STRIP = NO;
				DEBUG_INFORMATION_FORMAT = "dwarf-with-dsym";
				ENABLE_BITCODE = YES;
				ENABLE_STRICT_OBJC_MSGSEND = YES;
				GCC_NO_COMMON_BLOCKS = YES;
				IBSC_MODULE = watchapp_Extension;
				INFOPLIST_FILE = watchapp/Info.plist;
				MTL_ENABLE_DEBUG_INFO = NO;
				PRODUCT_BUNDLE_IDENTIFIER = com.cuffedtothekeyboard.MorphUs.watchkitapp;
				PRODUCT_NAME = "$(TARGET_NAME)";
				SDKROOT = watchos;
				SKIP_INSTALL = YES;
				TARGETED_DEVICE_FAMILY = 4;
				WATCHOS_DEPLOYMENT_TARGET = 2.1;
			};
			name = Release;
		};
		9768BA861C7959CF007E280C /* Debug */ = {
			isa = XCBuildConfiguration;
			buildSettings = {
				CLANG_WARN_UNREACHABLE_CODE = YES;
				DEBUG_INFORMATION_FORMAT = dwarf;
				ENABLE_BITCODE = YES;
				ENABLE_STRICT_OBJC_MSGSEND = YES;
				GCC_NO_COMMON_BLOCKS = YES;
				INFOPLIST_FILE = "watchapp Extension/Info.plist";
				LD_RUNPATH_SEARCH_PATHS = "$(inherited) @executable_path/Frameworks @executable_path/../../Frameworks";
				MTL_ENABLE_DEBUG_INFO = YES;
				PRODUCT_BUNDLE_IDENTIFIER = com.cuffedtothekeyboard.MorphUs.watchkitapp.watchkitextension;
				PRODUCT_NAME = "${TARGET_NAME}";
				SDKROOT = watchos;
				SKIP_INSTALL = YES;
				TARGETED_DEVICE_FAMILY = 4;
				WATCHOS_DEPLOYMENT_TARGET = 2.1;
			};
			name = Debug;
		};
		9768BA871C7959CF007E280C /* Release */ = {
			isa = XCBuildConfiguration;
			buildSettings = {
				CLANG_WARN_UNREACHABLE_CODE = YES;
				COPY_PHASE_STRIP = NO;
				DEBUG_INFORMATION_FORMAT = "dwarf-with-dsym";
				ENABLE_BITCODE = YES;
				ENABLE_STRICT_OBJC_MSGSEND = YES;
				GCC_NO_COMMON_BLOCKS = YES;
				INFOPLIST_FILE = "watchapp Extension/Info.plist";
				LD_RUNPATH_SEARCH_PATHS = "$(inherited) @executable_path/Frameworks @executable_path/../../Frameworks";
				MTL_ENABLE_DEBUG_INFO = NO;
				PRODUCT_BUNDLE_IDENTIFIER = com.cuffedtothekeyboard.MorphUs.watchkitapp.watchkitextension;
				PRODUCT_NAME = "${TARGET_NAME}";
				SDKROOT = watchos;
				SKIP_INSTALL = YES;
				TARGETED_DEVICE_FAMILY = 4;
				WATCHOS_DEPLOYMENT_TARGET = 2.1;
			};
			name = Release;
		};
		978821961963643B004B4A78 /* Debug */ = {
			isa = XCBuildConfiguration;
			buildSettings = {
				ALWAYS_SEARCH_USER_PATHS = NO;
				CLANG_CXX_LANGUAGE_STANDARD = "gnu++0x";
				CLANG_CXX_LIBRARY = "libc++";
				CLANG_ENABLE_MODULES = YES;
				CLANG_ENABLE_OBJC_ARC = YES;
				CLANG_WARN_BOOL_CONVERSION = YES;
				CLANG_WARN_CONSTANT_CONVERSION = YES;
				CLANG_WARN_DIRECT_OBJC_ISA_USAGE = YES_ERROR;
				CLANG_WARN_EMPTY_BODY = YES;
				CLANG_WARN_ENUM_CONVERSION = YES;
				CLANG_WARN_INT_CONVERSION = YES;
				CLANG_WARN_OBJC_ROOT_CLASS = YES_ERROR;
				CLANG_WARN__DUPLICATE_METHOD_MATCH = YES;
				"CODE_SIGN_IDENTITY[sdk=iphoneos*]" = "iPhone Developer";
				COPY_PHASE_STRIP = NO;
				ENABLE_BITCODE = NO;
				ENABLE_TESTABILITY = YES;
				GCC_C_LANGUAGE_STANDARD = gnu99;
				GCC_DYNAMIC_NO_PIC = NO;
				GCC_OPTIMIZATION_LEVEL = 0;
				GCC_PREPROCESSOR_DEFINITIONS = (
					DLIB_JPEG_SUPPORT,
					DLIB_NO_GUI_SUPPORT,
					NDEBUG,
					DLIB_USE_BLAS,
					DLIB_USE_LAPACK,
				);
				GCC_SYMBOLS_PRIVATE_EXTERN = NO;
				GCC_WARN_64_TO_32_BIT_CONVERSION = YES;
				GCC_WARN_ABOUT_RETURN_TYPE = YES_ERROR;
				GCC_WARN_UNDECLARED_SELECTOR = YES;
				GCC_WARN_UNINITIALIZED_AUTOS = YES_AGGRESSIVE;
				GCC_WARN_UNUSED_FUNCTION = YES;
				GCC_WARN_UNUSED_VARIABLE = YES;
				IPHONEOS_DEPLOYMENT_TARGET = 9.0;
				ONLY_ACTIVE_ARCH = YES;
				SDKROOT = iphoneos;
				TARGETED_DEVICE_FAMILY = "1,2";
			};
			name = Debug;
		};
		978821971963643B004B4A78 /* Release */ = {
			isa = XCBuildConfiguration;
			buildSettings = {
				ALWAYS_SEARCH_USER_PATHS = NO;
				CLANG_CXX_LANGUAGE_STANDARD = "gnu++0x";
				CLANG_CXX_LIBRARY = "libc++";
				CLANG_ENABLE_MODULES = YES;
				CLANG_ENABLE_OBJC_ARC = YES;
				CLANG_WARN_BOOL_CONVERSION = YES;
				CLANG_WARN_CONSTANT_CONVERSION = YES;
				CLANG_WARN_DIRECT_OBJC_ISA_USAGE = YES_ERROR;
				CLANG_WARN_EMPTY_BODY = YES;
				CLANG_WARN_ENUM_CONVERSION = YES;
				CLANG_WARN_INT_CONVERSION = YES;
				CLANG_WARN_OBJC_ROOT_CLASS = YES_ERROR;
				CLANG_WARN__DUPLICATE_METHOD_MATCH = YES;
				"CODE_SIGN_IDENTITY[sdk=iphoneos*]" = "iPhone Developer";
				COPY_PHASE_STRIP = YES;
				ENABLE_BITCODE = NO;
				ENABLE_NS_ASSERTIONS = NO;
				GCC_C_LANGUAGE_STANDARD = gnu99;
				GCC_PREPROCESSOR_DEFINITIONS = (
					DLIB_JPEG_SUPPORT,
					DLIB_NO_GUI_SUPPORT,
					NDEBUG,
					DLIB_USE_BLAS,
					DLIB_USE_LAPACK,
				);
				GCC_WARN_64_TO_32_BIT_CONVERSION = YES;
				GCC_WARN_ABOUT_RETURN_TYPE = YES_ERROR;
				GCC_WARN_UNDECLARED_SELECTOR = YES;
				GCC_WARN_UNINITIALIZED_AUTOS = YES_AGGRESSIVE;
				GCC_WARN_UNUSED_FUNCTION = YES;
				GCC_WARN_UNUSED_VARIABLE = YES;
				IPHONEOS_DEPLOYMENT_TARGET = 9.0;
				SDKROOT = iphoneos;
				TARGETED_DEVICE_FAMILY = "1,2";
				VALIDATE_PRODUCT = YES;
			};
			name = Release;
		};
		978821991963643B004B4A78 /* Debug */ = {
			isa = XCBuildConfiguration;
			buildSettings = {
				ASSETCATALOG_COMPILER_APPICON_NAME = AppIcon;
				ASSETCATALOG_COMPILER_LAUNCHIMAGE_NAME = LaunchImage;
				CLANG_CXX_LANGUAGE_STANDARD = "gnu++0x";
				CLANG_CXX_LIBRARY = "libc++";
				CODE_SIGN_ENTITLEMENTS = MorphUs/MorphUs.entitlements;
				CODE_SIGN_IDENTITY = "iPhone Developer";
				"CODE_SIGN_IDENTITY[sdk=iphoneos*]" = "iPhone Developer";
				GCC_PRECOMPILE_PREFIX_HEADER = YES;
				GCC_PREFIX_HEADER = "MorphUs/MorphUs-Prefix.pch";
				HEADER_SEARCH_PATHS = "$(SRCROOT)/dlib_iOS";
				INFOPLIST_FILE = "MorphUs/MorphUs-Info.plist";
				IPHONEOS_DEPLOYMENT_TARGET = 9.0;
				LIBRARY_SEARCH_PATHS = (
					"$(inherited)",
					"$(PROJECT_DIR)/dlib_iOS",
				);
				ONLY_ACTIVE_ARCH = YES;
				OTHER_CFLAGS = "";
				PRODUCT_BUNDLE_IDENTIFIER = "com.cuffedtothekeyboard.${PRODUCT_NAME:rfc1034identifier}";
				PRODUCT_NAME = MorphUs;
				PROVISIONING_PROFILE = "";
				SDKROOT = iphoneos;
				VALID_ARCHS = "arm64 armv7 armv7s";
				WRAPPER_EXTENSION = app;
			};
			name = Debug;
		};
		9788219A1963643B004B4A78 /* Release */ = {
			isa = XCBuildConfiguration;
			buildSettings = {
				ASSETCATALOG_COMPILER_APPICON_NAME = AppIcon;
				ASSETCATALOG_COMPILER_LAUNCHIMAGE_NAME = LaunchImage;
				CLANG_CXX_LANGUAGE_STANDARD = "gnu++0x";
				CLANG_CXX_LIBRARY = "libc++";
				CODE_SIGN_ENTITLEMENTS = MorphUs/MorphUs.entitlements;
				CODE_SIGN_IDENTITY = "iPhone Developer";
				"CODE_SIGN_IDENTITY[sdk=iphoneos*]" = "iPhone Developer";
				GCC_PRECOMPILE_PREFIX_HEADER = YES;
				GCC_PREFIX_HEADER = "MorphUs/MorphUs-Prefix.pch";
				HEADER_SEARCH_PATHS = "$(SRCROOT)/dlib_iOS";
				INFOPLIST_FILE = "MorphUs/MorphUs-Info.plist";
				IPHONEOS_DEPLOYMENT_TARGET = 9.0;
				LIBRARY_SEARCH_PATHS = (
					"$(inherited)",
					"$(PROJECT_DIR)/dlib_iOS",
				);
				ONLY_ACTIVE_ARCH = NO;
				OTHER_CFLAGS = "";
				PRODUCT_BUNDLE_IDENTIFIER = "com.cuffedtothekeyboard.${PRODUCT_NAME:rfc1034identifier}";
				PRODUCT_NAME = MorphUs;
				PROVISIONING_PROFILE = "";
				SDKROOT = iphoneos;
				VALID_ARCHS = "arm64 armv7 armv7s";
				WRAPPER_EXTENSION = app;
			};
			name = Release;
		};
/* End XCBuildConfiguration section */

/* Begin XCConfigurationList section */
		9768BA881C7959CF007E280C /* Build configuration list for PBXNativeTarget "watchapp Extension" */ = {
			isa = XCConfigurationList;
			buildConfigurations = (
				9768BA861C7959CF007E280C /* Debug */,
				9768BA871C7959CF007E280C /* Release */,
			);
			defaultConfigurationIsVisible = 0;
			defaultConfigurationName = Release;
		};
		9768BA8A1C7959CF007E280C /* Build configuration list for PBXNativeTarget "watchapp" */ = {
			isa = XCConfigurationList;
			buildConfigurations = (
				9768BA841C7959CF007E280C /* Debug */,
				9768BA851C7959CF007E280C /* Release */,
			);
			defaultConfigurationIsVisible = 0;
			defaultConfigurationName = Release;
		};
		9788215E1963643B004B4A78 /* Build configuration list for PBXProject "MorphUs" */ = {
			isa = XCConfigurationList;
			buildConfigurations = (
				978821961963643B004B4A78 /* Debug */,
				978821971963643B004B4A78 /* Release */,
			);
			defaultConfigurationIsVisible = 0;
			defaultConfigurationName = Release;
		};
		978821981963643B004B4A78 /* Build configuration list for PBXNativeTarget "MorphUs" */ = {
			isa = XCConfigurationList;
			buildConfigurations = (
				978821991963643B004B4A78 /* Debug */,
				9788219A1963643B004B4A78 /* Release */,
			);
			defaultConfigurationIsVisible = 0;
			defaultConfigurationName = Release;
		};
/* End XCConfigurationList section */

/* Begin XCVersionGroup section */
		971E07881B52616F00DFE322 /* MorphModel.xcdatamodeld */ = {
			isa = XCVersionGroup;
			children = (
				971E07891B52616F00DFE322 /* MorphModel.xcdatamodel */,
			);
			currentVersion = 971E07891B52616F00DFE322 /* MorphModel.xcdatamodel */;
			path = MorphModel.xcdatamodeld;
			sourceTree = "<group>";
			versionGroupType = wrapper.xcdatamodel;
		};
/* End XCVersionGroup section */
	};
	rootObject = 9788215B1963643B004B4A78 /* Project object */;
}
